// !$*UTF8*$!
{
	archiveVersion = 1;
	classes = {
	};
	objectVersion = 52;
	objects = {

/* Begin PBXBuildFile section */
		6F273A4425862B1A0090B3B5 /* VenueDiary.swift in Sources */ = {isa = PBXBuildFile; fileRef = 6F273A4325862B1A0090B3B5 /* VenueDiary.swift */; };
		6F273A48258631190090B3B5 /* DateExtensions.swift in Sources */ = {isa = PBXBuildFile; fileRef = 6F273A47258631190090B3B5 /* DateExtensions.swift */; };
		6F273A4C258631AF0090B3B5 /* VenueDiaryEventTests.swift in Sources */ = {isa = PBXBuildFile; fileRef = 6F273A4B258631AF0090B3B5 /* VenueDiaryEventTests.swift */; };
		6F273A50258641CA0090B3B5 /* VenueDiaryTests.swift in Sources */ = {isa = PBXBuildFile; fileRef = 6F273A4F258641CA0090B3B5 /* VenueDiaryTests.swift */; };
		6F52D4FF257C470B0097DD92 /* BeaconPayloadDataSupplier.swift in Sources */ = {isa = PBXBuildFile; fileRef = 6F52D4FE257C470B0097DD92 /* BeaconPayloadDataSupplier.swift */; };
		6F52D505257C47820097DD92 /* BeaconPayloadDataSupplierTests.swift in Sources */ = {isa = PBXBuildFile; fileRef = 6F52D504257C47820097DD92 /* BeaconPayloadDataSupplierTests.swift */; };
		6F52D50A257C4F750097DD92 /* ExtendedData.swift in Sources */ = {isa = PBXBuildFile; fileRef = 6F52D509257C4F750097DD92 /* ExtendedData.swift */; };
		6FBC6F2025867508001A86CE /* DataExtensionTests.swift in Sources */ = {isa = PBXBuildFile; fileRef = 6FBC6F1F25867508001A86CE /* DataExtensionTests.swift */; };
		6FE013D028A91C9F00D9545F /* PublicAPITests.swift in Sources */ = {isa = PBXBuildFile; fileRef = 6FE013CF28A91C9F00D9545F /* PublicAPITests.swift */; };
		6FE142FB2565C39A0084A59C /* Device.swift in Sources */ = {isa = PBXBuildFile; fileRef = 6FE142FA2565C39A0084A59C /* Device.swift */; };
		B61B1C98263AE69300FA20B0 /* TextFileTests.swift in Sources */ = {isa = PBXBuildFile; fileRef = B61B1C97263AE69300FA20B0 /* TextFileTests.swift */; };
		B61B1C9E263AFACC00FA20B0 /* RssiHistogramTests.swift in Sources */ = {isa = PBXBuildFile; fileRef = B61B1C9D263AFACC00FA20B0 /* RssiHistogramTests.swift */; };
		B61B1CA2263B12FE00FA20B0 /* SelfCalibratedModel.swift in Sources */ = {isa = PBXBuildFile; fileRef = B61B1CA1263B12FE00FA20B0 /* SelfCalibratedModel.swift */; };
		B61B1CA6263B165F00FA20B0 /* SelfCalibratedModelTests.swift in Sources */ = {isa = PBXBuildFile; fileRef = B61B1CA5263B165F00FA20B0 /* SelfCalibratedModelTests.swift */; };
		B62983CF2682296E00C88B9D /* Resettable.swift in Sources */ = {isa = PBXBuildFile; fileRef = B62983CE2682296E00C88B9D /* Resettable.swift */; };
		B62983D3268229FE00C88B9D /* SensorDelegateLogger.swift in Sources */ = {isa = PBXBuildFile; fileRef = B62983D2268229FE00C88B9D /* SensorDelegateLogger.swift */; };
		B630C45E266FFADE002C316B /* TransportLayerSecurity.swift in Sources */ = {isa = PBXBuildFile; fileRef = B630C45D266FFADE002C316B /* TransportLayerSecurity.swift */; };
		B637EF55251E55E60072D238 /* Herald.h in Headers */ = {isa = PBXBuildFile; fileRef = B637EF53251E55E60072D238 /* Herald.h */; settings = {ATTRIBUTES = (Public, ); }; };
		B637EF79251E56320072D238 /* BLESensor.swift in Sources */ = {isa = PBXBuildFile; fileRef = B637EF5E251E56320072D238 /* BLESensor.swift */; };
		B637EF7A251E56320072D238 /* BLEDatabase.swift in Sources */ = {isa = PBXBuildFile; fileRef = B637EF5F251E56320072D238 /* BLEDatabase.swift */; };
		B637EF7B251E56320072D238 /* BLEUtilities.swift in Sources */ = {isa = PBXBuildFile; fileRef = B637EF60251E56320072D238 /* BLEUtilities.swift */; };
		B637EF7C251E56320072D238 /* BLETransmitter.swift in Sources */ = {isa = PBXBuildFile; fileRef = B637EF61251E56320072D238 /* BLETransmitter.swift */; };
		B637EF7D251E56320072D238 /* BLEReceiver.swift in Sources */ = {isa = PBXBuildFile; fileRef = B637EF62251E56320072D238 /* BLEReceiver.swift */; };
		B637EF7E251E56320072D238 /* MobilitySensor.swift in Sources */ = {isa = PBXBuildFile; fileRef = B637EF64251E56320072D238 /* MobilitySensor.swift */; };
		B637EF7F251E56320072D238 /* Sensor.swift in Sources */ = {isa = PBXBuildFile; fileRef = B637EF65251E56320072D238 /* Sensor.swift */; };
		B637EF80251E56320072D238 /* TestPayloadDataSupplier.swift in Sources */ = {isa = PBXBuildFile; fileRef = B637EF68251E56320072D238 /* TestPayloadDataSupplier.swift */; };
		B637EF86251E56320072D238 /* SensorArray.swift in Sources */ = {isa = PBXBuildFile; fileRef = B637EF6F251E56320072D238 /* SensorArray.swift */; };
		B637EF87251E56320072D238 /* PayloadDataSupplier.swift in Sources */ = {isa = PBXBuildFile; fileRef = B637EF70251E56320072D238 /* PayloadDataSupplier.swift */; };
		B637EF88251E56320072D238 /* TextFile.swift in Sources */ = {isa = PBXBuildFile; fileRef = B637EF72251E56320072D238 /* TextFile.swift */; };
		B637EF89251E56320072D238 /* BatteryLog.swift in Sources */ = {isa = PBXBuildFile; fileRef = B637EF73251E56320072D238 /* BatteryLog.swift */; };
		B637EF8A251E56320072D238 /* DetectionLog.swift in Sources */ = {isa = PBXBuildFile; fileRef = B637EF74251E56320072D238 /* DetectionLog.swift */; };
		B637EF8B251E56320072D238 /* SensorLogger.swift in Sources */ = {isa = PBXBuildFile; fileRef = B637EF75251E56320072D238 /* SensorLogger.swift */; };
		B637EF8C251E56320072D238 /* ContactLog.swift in Sources */ = {isa = PBXBuildFile; fileRef = B637EF76251E56320072D238 /* ContactLog.swift */; };
		B637EF8D251E56320072D238 /* StatisticsLog.swift in Sources */ = {isa = PBXBuildFile; fileRef = B637EF77251E56320072D238 /* StatisticsLog.swift */; };
		B637EF8E251E56320072D238 /* SensorDelegate.swift in Sources */ = {isa = PBXBuildFile; fileRef = B637EF78251E56320072D238 /* SensorDelegate.swift */; };
		B650151425229D060070F774 /* SimplePayloadDataSupplier.swift in Sources */ = {isa = PBXBuildFile; fileRef = B650151325229D060070F774 /* SimplePayloadDataSupplier.swift */; };
		B650152025229D480070F774 /* Herald.framework in Frameworks */ = {isa = PBXBuildFile; fileRef = B637EF50251E55E60072D238 /* Herald.framework */; platformFilter = ios; };
		B650152925229D760070F774 /* SimplePayloadDataSupplierTests.swift in Sources */ = {isa = PBXBuildFile; fileRef = B650152825229D760070F774 /* SimplePayloadDataSupplierTests.swift */; };
		B65235BB26308DF6007321B8 /* Sample.swift in Sources */ = {isa = PBXBuildFile; fileRef = B65235BA26308DF6007321B8 /* Sample.swift */; };
		B6599D0325A4EB0C00AC306D /* InertiaSensor.swift in Sources */ = {isa = PBXBuildFile; fileRef = B6599D0225A4EB0C00AC306D /* InertiaSensor.swift */; };
		B68DAB8A2580040400F396D7 /* EventTimeIntervalLog.swift in Sources */ = {isa = PBXBuildFile; fileRef = B68DAB892580040400F396D7 /* EventTimeIntervalLog.swift */; };
		B69F189925B84B32001CC891 /* BLEAdvertParser.swift in Sources */ = {isa = PBXBuildFile; fileRef = B69F189825B84B32001CC891 /* BLEAdvertParser.swift */; };
		B69F189D25B8A6AB001CC891 /* BLEAdvertParserTests.swift in Sources */ = {isa = PBXBuildFile; fileRef = B69F189C25B8A6AB001CC891 /* BLEAdvertParserTests.swift */; };
		B69FA4C325C2FD3B005E1E00 /* PseudoDeviceAddressTests.swift in Sources */ = {isa = PBXBuildFile; fileRef = B69FA4C225C2FD3B005E1E00 /* PseudoDeviceAddressTests.swift */; };
		B6B62B092677B4BD009B97BC /* KeyExchangeTests.swift in Sources */ = {isa = PBXBuildFile; fileRef = B6B62B082677B4BD009B97BC /* KeyExchangeTests.swift */; };
		B6B62B0D2677BA32009B97BC /* EncryptionTests.swift in Sources */ = {isa = PBXBuildFile; fileRef = B6B62B0C2677BA32009B97BC /* EncryptionTests.swift */; };
		B6B62B112677BDBF009B97BC /* IntegrityTests.swift in Sources */ = {isa = PBXBuildFile; fileRef = B6B62B102677BDBF009B97BC /* IntegrityTests.swift */; };
		B6B62B152678B7C3009B97BC /* TransportLayerSecurityTests.swift in Sources */ = {isa = PBXBuildFile; fileRef = B6B62B142678B7C3009B97BC /* TransportLayerSecurityTests.swift */; };
		B6BDCFA1264D2AE5005C42C5 /* UIntBig.swift in Sources */ = {isa = PBXBuildFile; fileRef = B6BDCFA0264D2AE5005C42C5 /* UIntBig.swift */; };
		B6BDCFA5264D2AF2005C42C5 /* UIntBigTests.swift in Sources */ = {isa = PBXBuildFile; fileRef = B6BDCFA4264D2AF2005C42C5 /* UIntBigTests.swift */; };
		B6C483C72630B1CD0007BFD1 /* SampleTests.swift in Sources */ = {isa = PBXBuildFile; fileRef = B6C483C62630B1CD0007BFD1 /* SampleTests.swift */; };
		B6C483D22630B6680007BFD1 /* SampleList.swift in Sources */ = {isa = PBXBuildFile; fileRef = B6C483D12630B6680007BFD1 /* SampleList.swift */; };
		B6C483DA26317E600007BFD1 /* Filter.swift in Sources */ = {isa = PBXBuildFile; fileRef = B6C483D926317E600007BFD1 /* Filter.swift */; };
		B6C483E626318AED0007BFD1 /* SampleListTests.swift in Sources */ = {isa = PBXBuildFile; fileRef = B6C483E526318AED0007BFD1 /* SampleListTests.swift */; };
		B6C483EA2631A87C0007BFD1 /* RangesTests.swift in Sources */ = {isa = PBXBuildFile; fileRef = B6C483E92631A87C0007BFD1 /* RangesTests.swift */; };
		B6C483EE2631B8D40007BFD1 /* Aggregate.swift in Sources */ = {isa = PBXBuildFile; fileRef = B6C483ED2631B8D40007BFD1 /* Aggregate.swift */; };
		B6C483F42631D4520007BFD1 /* FowlerBasic.swift in Sources */ = {isa = PBXBuildFile; fileRef = B6C483F32631D4520007BFD1 /* FowlerBasic.swift */; };
		B6C483FB2631D7890007BFD1 /* RiskAggregationBasic.swift in Sources */ = {isa = PBXBuildFile; fileRef = B6C483FA2631D7890007BFD1 /* RiskAggregationBasic.swift */; };
		B6C484012631DC570007BFD1 /* ListManager.swift in Sources */ = {isa = PBXBuildFile; fileRef = B6C484002631DC570007BFD1 /* ListManager.swift */; };
		B6C484072631EFA90007BFD1 /* AnalysisRunnerTests.swift in Sources */ = {isa = PBXBuildFile; fileRef = B6C484062631EFA90007BFD1 /* AnalysisRunnerTests.swift */; };
		B6C4840B2631F15D0007BFD1 /* VariantSet.swift in Sources */ = {isa = PBXBuildFile; fileRef = B6C4840A2631F15D0007BFD1 /* VariantSet.swift */; };
		B6C4840F2632C7660007BFD1 /* AnalysisDelegate.swift in Sources */ = {isa = PBXBuildFile; fileRef = B6C4840E2632C7660007BFD1 /* AnalysisDelegate.swift */; };
		B6C484132632CD8C0007BFD1 /* AnalysisProvider.swift in Sources */ = {isa = PBXBuildFile; fileRef = B6C484122632CD8C0007BFD1 /* AnalysisProvider.swift */; };
		B6C484172632D15B0007BFD1 /* AnalysisRunner.swift in Sources */ = {isa = PBXBuildFile; fileRef = B6C484162632D15B0007BFD1 /* AnalysisRunner.swift */; };
		B6C4841B2632D3710007BFD1 /* DoubleValue.swift in Sources */ = {isa = PBXBuildFile; fileRef = B6C4841A2632D3710007BFD1 /* DoubleValue.swift */; };
		B6C4841F2633444B0007BFD1 /* SmoothedLinearModel.swift in Sources */ = {isa = PBXBuildFile; fileRef = B6C4841E2633444B0007BFD1 /* SmoothedLinearModel.swift */; };
		B6DA10B325A78AF50071C08E /* CalibrationLog.swift in Sources */ = {isa = PBXBuildFile; fileRef = B6DA10B225A78AF50071C08E /* CalibrationLog.swift */; };
		B6EEC22D25B44A8800D1CDF9 /* Mobility.swift in Sources */ = {isa = PBXBuildFile; fileRef = B6EEC22C25B44A8800D1CDF9 /* Mobility.swift */; };
		B6EEC23B25B58E0D00D1CDF9 /* EventLog.swift in Sources */ = {isa = PBXBuildFile; fileRef = B6EEC23A25B58E0D00D1CDF9 /* EventLog.swift */; };
		B6EEC24625B5BC4400D1CDF9 /* DataExtensions.swift in Sources */ = {isa = PBXBuildFile; fileRef = B6EEC24525B5BC4400D1CDF9 /* DataExtensions.swift */; };
		B6F40DBA265814B00088B098 /* RingBuffer.swift in Sources */ = {isa = PBXBuildFile; fileRef = B6F40DB9265814B00088B098 /* RingBuffer.swift */; };
		B6F40DBF26582F8D0088B098 /* KeyExchange.swift in Sources */ = {isa = PBXBuildFile; fileRef = B6F40DBE26582F8D0088B098 /* KeyExchange.swift */; };
		B6F40DC52658FAD40088B098 /* Encryption.swift in Sources */ = {isa = PBXBuildFile; fileRef = B6F40DC42658FAD40088B098 /* Encryption.swift */; };
		B6F40DC92658FB090088B098 /* Integrity.swift in Sources */ = {isa = PBXBuildFile; fileRef = B6F40DC82658FB090088B098 /* Integrity.swift */; };
		B6F40DCD2658FC5B0088B098 /* PseudoRandomFunction.swift in Sources */ = {isa = PBXBuildFile; fileRef = B6F40DCC2658FC5B0088B098 /* PseudoRandomFunction.swift */; };
		B6F745F2255713C2003567B7 /* SocialDistance.swift in Sources */ = {isa = PBXBuildFile; fileRef = B6F745EF255713C2003567B7 /* SocialDistance.swift */; };
		B6F745F3255713C2003567B7 /* SampleStatistics.swift in Sources */ = {isa = PBXBuildFile; fileRef = B6F745F0255713C2003567B7 /* SampleStatistics.swift */; };
		B6F745F4255713C2003567B7 /* Interactions.swift in Sources */ = {isa = PBXBuildFile; fileRef = B6F745F1255713C2003567B7 /* Interactions.swift */; };
		B6F745F82557145E003567B7 /* PayloadDataMatcher.swift in Sources */ = {isa = PBXBuildFile; fileRef = B6F745F72557145E003567B7 /* PayloadDataMatcher.swift */; };
		B6F745FF25571475003567B7 /* BloomFilter.swift in Sources */ = {isa = PBXBuildFile; fileRef = B6F745FC25571475003567B7 /* BloomFilter.swift */; };
		B6F7460025571475003567B7 /* SimplePayloadDataMatcher.swift in Sources */ = {isa = PBXBuildFile; fileRef = B6F745FD25571475003567B7 /* SimplePayloadDataMatcher.swift */; };
		B6F74609255714C2003567B7 /* SocialDistanceTests.swift in Sources */ = {isa = PBXBuildFile; fileRef = B6F74605255714C2003567B7 /* SocialDistanceTests.swift */; };
		B6F7460A255714C2003567B7 /* SimplePayloadDataMatcherTests.swift in Sources */ = {isa = PBXBuildFile; fileRef = B6F74606255714C2003567B7 /* SimplePayloadDataMatcherTests.swift */; };
		B6F7460B255714C2003567B7 /* BloomFilterTests.swift in Sources */ = {isa = PBXBuildFile; fileRef = B6F74607255714C2003567B7 /* BloomFilterTests.swift */; };
		B6F7460C255714C2003567B7 /* InteractionsTests.swift in Sources */ = {isa = PBXBuildFile; fileRef = B6F74608255714C2003567B7 /* InteractionsTests.swift */; };
		D1FA72CF2999233C00F2F784 /* Activities.swift in Sources */ = {isa = PBXBuildFile; fileRef = D1FA72CE2999233C00F2F784 /* Activities.swift */; };
		D1FA72D12999234800F2F784 /* Coordinator.swift in Sources */ = {isa = PBXBuildFile; fileRef = D1FA72D02999234800F2F784 /* Coordinator.swift */; };
		D301023D25B8DD8300598DF4 /* ExtendedDataTests.swift in Sources */ = {isa = PBXBuildFile; fileRef = D301023C25B8DD8300598DF4 /* ExtendedDataTests.swift */; };
		D32988E425C34AE20066D9D4 /* PayloadDataFormatter.swift in Sources */ = {isa = PBXBuildFile; fileRef = D32988E325C34AE20066D9D4 /* PayloadDataFormatter.swift */; };
/* End PBXBuildFile section */

/* Begin PBXContainerItemProxy section */
		B650152125229D480070F774 /* PBXContainerItemProxy */ = {
			isa = PBXContainerItemProxy;
			containerPortal = B637EF47251E55E60072D238 /* Project object */;
			proxyType = 1;
			remoteGlobalIDString = B637EF4F251E55E60072D238;
			remoteInfo = Herald;
		};
/* End PBXContainerItemProxy section */

/* Begin PBXFileReference section */
		6F273A4325862B1A0090B3B5 /* VenueDiary.swift */ = {isa = PBXFileReference; lastKnownFileType = sourcecode.swift; name = VenueDiary.swift; path = herald/Sensor/Analysis/VenueDiary.swift; sourceTree = SOURCE_ROOT; };
		6F273A47258631190090B3B5 /* DateExtensions.swift */ = {isa = PBXFileReference; lastKnownFileType = sourcecode.swift; name = DateExtensions.swift; path = Herald/Sensor/Extensions/DateExtensions.swift; sourceTree = SOURCE_ROOT; };
		6F273A4B258631AF0090B3B5 /* VenueDiaryEventTests.swift */ = {isa = PBXFileReference; lastKnownFileType = sourcecode.swift; path = VenueDiaryEventTests.swift; sourceTree = "<group>"; };
		6F273A4F258641CA0090B3B5 /* VenueDiaryTests.swift */ = {isa = PBXFileReference; lastKnownFileType = sourcecode.swift; path = VenueDiaryTests.swift; sourceTree = "<group>"; };
		6F52D4FE257C470B0097DD92 /* BeaconPayloadDataSupplier.swift */ = {isa = PBXFileReference; lastKnownFileType = sourcecode.swift; name = BeaconPayloadDataSupplier.swift; path = herald/Sensor/Payload/Beacon/BeaconPayloadDataSupplier.swift; sourceTree = SOURCE_ROOT; };
		6F52D504257C47820097DD92 /* BeaconPayloadDataSupplierTests.swift */ = {isa = PBXFileReference; lastKnownFileType = sourcecode.swift; path = BeaconPayloadDataSupplierTests.swift; sourceTree = "<group>"; };
		6F52D509257C4F750097DD92 /* ExtendedData.swift */ = {isa = PBXFileReference; lastKnownFileType = sourcecode.swift; name = ExtendedData.swift; path = herald/Sensor/Payload/Extended/ExtendedData.swift; sourceTree = SOURCE_ROOT; };
		6FBC6F1F25867508001A86CE /* DataExtensionTests.swift */ = {isa = PBXFileReference; lastKnownFileType = sourcecode.swift; path = DataExtensionTests.swift; sourceTree = "<group>"; };
		6FE013CF28A91C9F00D9545F /* PublicAPITests.swift */ = {isa = PBXFileReference; fileEncoding = 4; lastKnownFileType = sourcecode.swift; name = PublicAPITests.swift; path = ../../Herald/HeraldTests/PublicAPITests.swift; sourceTree = "<group>"; };
		6FE142FA2565C39A0084A59C /* Device.swift */ = {isa = PBXFileReference; lastKnownFileType = sourcecode.swift; name = Device.swift; path = herald/Sensor/Device.swift; sourceTree = SOURCE_ROOT; };
		6FE32EDC266542A900F22740 /* Herald.xctestplan */ = {isa = PBXFileReference; lastKnownFileType = text; name = Herald.xctestplan; path = ../Herald/Herald.xctestplan; sourceTree = "<group>"; };
		B61B1C97263AE69300FA20B0 /* TextFileTests.swift */ = {isa = PBXFileReference; lastKnownFileType = sourcecode.swift; path = TextFileTests.swift; sourceTree = "<group>"; };
		B61B1C9D263AFACC00FA20B0 /* RssiHistogramTests.swift */ = {isa = PBXFileReference; lastKnownFileType = sourcecode.swift; path = RssiHistogramTests.swift; sourceTree = "<group>"; };
		B61B1CA1263B12FE00FA20B0 /* SelfCalibratedModel.swift */ = {isa = PBXFileReference; lastKnownFileType = sourcecode.swift; name = SelfCalibratedModel.swift; path = herald/Sensor/Analysis/Algorithms/Distance/SelfCalibratedModel.swift; sourceTree = SOURCE_ROOT; };
		B61B1CA5263B165F00FA20B0 /* SelfCalibratedModelTests.swift */ = {isa = PBXFileReference; lastKnownFileType = sourcecode.swift; path = SelfCalibratedModelTests.swift; sourceTree = "<group>"; };
		B62983CE2682296E00C88B9D /* Resettable.swift */ = {isa = PBXFileReference; lastKnownFileType = sourcecode.swift; name = Resettable.swift; path = ../../../../Herald/Herald/Sensor/Data/Resettable.swift; sourceTree = "<group>"; };
		B62983D2268229FE00C88B9D /* SensorDelegateLogger.swift */ = {isa = PBXFileReference; lastKnownFileType = sourcecode.swift; name = SensorDelegateLogger.swift; path = ../../../../Herald/Herald/Sensor/Data/SensorDelegateLogger.swift; sourceTree = "<group>"; };
		B630C45D266FFADE002C316B /* TransportLayerSecurity.swift */ = {isa = PBXFileReference; lastKnownFileType = sourcecode.swift; name = TransportLayerSecurity.swift; path = ../../../../../Herald/Herald/Sensor/Data/Security/TransportLayerSecurity.swift; sourceTree = "<group>"; };
		B637EF50251E55E60072D238 /* Herald.framework */ = {isa = PBXFileReference; explicitFileType = wrapper.framework; includeInIndex = 0; path = Herald.framework; sourceTree = BUILT_PRODUCTS_DIR; };
		B637EF53251E55E60072D238 /* Herald.h */ = {isa = PBXFileReference; lastKnownFileType = sourcecode.c.h; path = Herald.h; sourceTree = "<group>"; };
		B637EF54251E55E60072D238 /* Info.plist */ = {isa = PBXFileReference; lastKnownFileType = text.plist.xml; path = Info.plist; sourceTree = "<group>"; };
		B637EF5E251E56320072D238 /* BLESensor.swift */ = {isa = PBXFileReference; fileEncoding = 4; lastKnownFileType = sourcecode.swift; path = BLESensor.swift; sourceTree = "<group>"; };
		B637EF5F251E56320072D238 /* BLEDatabase.swift */ = {isa = PBXFileReference; fileEncoding = 4; lastKnownFileType = sourcecode.swift; path = BLEDatabase.swift; sourceTree = "<group>"; };
		B637EF60251E56320072D238 /* BLEUtilities.swift */ = {isa = PBXFileReference; fileEncoding = 4; lastKnownFileType = sourcecode.swift; path = BLEUtilities.swift; sourceTree = "<group>"; };
		B637EF61251E56320072D238 /* BLETransmitter.swift */ = {isa = PBXFileReference; fileEncoding = 4; lastKnownFileType = sourcecode.swift; path = BLETransmitter.swift; sourceTree = "<group>"; };
		B637EF62251E56320072D238 /* BLEReceiver.swift */ = {isa = PBXFileReference; fileEncoding = 4; lastKnownFileType = sourcecode.swift; path = BLEReceiver.swift; sourceTree = "<group>"; };
		B637EF64251E56320072D238 /* MobilitySensor.swift */ = {isa = PBXFileReference; fileEncoding = 4; lastKnownFileType = sourcecode.swift; path = MobilitySensor.swift; sourceTree = "<group>"; };
		B637EF65251E56320072D238 /* Sensor.swift */ = {isa = PBXFileReference; fileEncoding = 4; lastKnownFileType = sourcecode.swift; path = Sensor.swift; sourceTree = "<group>"; };
		B637EF68251E56320072D238 /* TestPayloadDataSupplier.swift */ = {isa = PBXFileReference; fileEncoding = 4; lastKnownFileType = sourcecode.swift; path = TestPayloadDataSupplier.swift; sourceTree = "<group>"; };
		B637EF6F251E56320072D238 /* SensorArray.swift */ = {isa = PBXFileReference; fileEncoding = 4; lastKnownFileType = sourcecode.swift; path = SensorArray.swift; sourceTree = "<group>"; };
		B637EF70251E56320072D238 /* PayloadDataSupplier.swift */ = {isa = PBXFileReference; fileEncoding = 4; lastKnownFileType = sourcecode.swift; path = PayloadDataSupplier.swift; sourceTree = "<group>"; };
		B637EF72251E56320072D238 /* TextFile.swift */ = {isa = PBXFileReference; fileEncoding = 4; lastKnownFileType = sourcecode.swift; path = TextFile.swift; sourceTree = "<group>"; };
		B637EF73251E56320072D238 /* BatteryLog.swift */ = {isa = PBXFileReference; fileEncoding = 4; lastKnownFileType = sourcecode.swift; path = BatteryLog.swift; sourceTree = "<group>"; };
		B637EF74251E56320072D238 /* DetectionLog.swift */ = {isa = PBXFileReference; fileEncoding = 4; lastKnownFileType = sourcecode.swift; path = DetectionLog.swift; sourceTree = "<group>"; };
		B637EF75251E56320072D238 /* SensorLogger.swift */ = {isa = PBXFileReference; fileEncoding = 4; lastKnownFileType = sourcecode.swift; path = SensorLogger.swift; sourceTree = "<group>"; };
		B637EF76251E56320072D238 /* ContactLog.swift */ = {isa = PBXFileReference; fileEncoding = 4; lastKnownFileType = sourcecode.swift; path = ContactLog.swift; sourceTree = "<group>"; };
		B637EF77251E56320072D238 /* StatisticsLog.swift */ = {isa = PBXFileReference; fileEncoding = 4; lastKnownFileType = sourcecode.swift; path = StatisticsLog.swift; sourceTree = "<group>"; };
		B637EF78251E56320072D238 /* SensorDelegate.swift */ = {isa = PBXFileReference; fileEncoding = 4; lastKnownFileType = sourcecode.swift; path = SensorDelegate.swift; sourceTree = "<group>"; };
		B650151325229D060070F774 /* SimplePayloadDataSupplier.swift */ = {isa = PBXFileReference; lastKnownFileType = sourcecode.swift; name = SimplePayloadDataSupplier.swift; path = herald/Sensor/Payload/Simple/SimplePayloadDataSupplier.swift; sourceTree = SOURCE_ROOT; };
		B650151B25229D480070F774 /* HeraldTests.xctest */ = {isa = PBXFileReference; explicitFileType = wrapper.cfbundle; includeInIndex = 0; path = HeraldTests.xctest; sourceTree = BUILT_PRODUCTS_DIR; };
		B650152825229D760070F774 /* SimplePayloadDataSupplierTests.swift */ = {isa = PBXFileReference; lastKnownFileType = sourcecode.swift; path = SimplePayloadDataSupplierTests.swift; sourceTree = "<group>"; };
		B65235BA26308DF6007321B8 /* Sample.swift */ = {isa = PBXFileReference; lastKnownFileType = sourcecode.swift; name = Sample.swift; path = herald/Sensor/Analysis/Sampling/Sample.swift; sourceTree = SOURCE_ROOT; };
		B6599D0225A4EB0C00AC306D /* InertiaSensor.swift */ = {isa = PBXFileReference; lastKnownFileType = sourcecode.swift; name = InertiaSensor.swift; path = herald/Sensor/Motion/InertiaSensor.swift; sourceTree = SOURCE_ROOT; };
		B68DAB892580040400F396D7 /* EventTimeIntervalLog.swift */ = {isa = PBXFileReference; lastKnownFileType = sourcecode.swift; name = EventTimeIntervalLog.swift; path = herald/Sensor/Data/EventTimeIntervalLog.swift; sourceTree = SOURCE_ROOT; };
		B69F189825B84B32001CC891 /* BLEAdvertParser.swift */ = {isa = PBXFileReference; lastKnownFileType = sourcecode.swift; name = BLEAdvertParser.swift; path = herald/Sensor/BLE/BLEAdvertParser.swift; sourceTree = SOURCE_ROOT; };
		B69F189C25B8A6AB001CC891 /* BLEAdvertParserTests.swift */ = {isa = PBXFileReference; lastKnownFileType = sourcecode.swift; path = BLEAdvertParserTests.swift; sourceTree = "<group>"; };
		B69FA4C225C2FD3B005E1E00 /* PseudoDeviceAddressTests.swift */ = {isa = PBXFileReference; lastKnownFileType = sourcecode.swift; path = PseudoDeviceAddressTests.swift; sourceTree = "<group>"; };
		B6B62B082677B4BD009B97BC /* KeyExchangeTests.swift */ = {isa = PBXFileReference; lastKnownFileType = sourcecode.swift; name = KeyExchangeTests.swift; path = ../../Herald/HeraldTests/KeyExchangeTests.swift; sourceTree = "<group>"; };
		B6B62B0C2677BA32009B97BC /* EncryptionTests.swift */ = {isa = PBXFileReference; lastKnownFileType = sourcecode.swift; name = EncryptionTests.swift; path = ../../Herald/HeraldTests/EncryptionTests.swift; sourceTree = "<group>"; };
		B6B62B102677BDBF009B97BC /* IntegrityTests.swift */ = {isa = PBXFileReference; lastKnownFileType = sourcecode.swift; name = IntegrityTests.swift; path = ../../Herald/HeraldTests/IntegrityTests.swift; sourceTree = "<group>"; };
		B6B62B142678B7C3009B97BC /* TransportLayerSecurityTests.swift */ = {isa = PBXFileReference; lastKnownFileType = sourcecode.swift; name = TransportLayerSecurityTests.swift; path = ../../Herald/HeraldTests/TransportLayerSecurityTests.swift; sourceTree = "<group>"; };
		B6BDCFA0264D2AE5005C42C5 /* UIntBig.swift */ = {isa = PBXFileReference; lastKnownFileType = sourcecode.swift; path = UIntBig.swift; sourceTree = "<group>"; };
		B6BDCFA4264D2AF2005C42C5 /* UIntBigTests.swift */ = {isa = PBXFileReference; lastKnownFileType = sourcecode.swift; path = UIntBigTests.swift; sourceTree = "<group>"; };
		B6C483C62630B1CD0007BFD1 /* SampleTests.swift */ = {isa = PBXFileReference; lastKnownFileType = sourcecode.swift; path = SampleTests.swift; sourceTree = "<group>"; };
		B6C483D12630B6680007BFD1 /* SampleList.swift */ = {isa = PBXFileReference; lastKnownFileType = sourcecode.swift; name = SampleList.swift; path = herald/Sensor/Analysis/Sampling/SampleList.swift; sourceTree = SOURCE_ROOT; };
		B6C483D926317E600007BFD1 /* Filter.swift */ = {isa = PBXFileReference; lastKnownFileType = sourcecode.swift; name = Filter.swift; path = herald/Sensor/Analysis/Sampling/Filter.swift; sourceTree = SOURCE_ROOT; };
		B6C483E526318AED0007BFD1 /* SampleListTests.swift */ = {isa = PBXFileReference; lastKnownFileType = sourcecode.swift; path = SampleListTests.swift; sourceTree = "<group>"; };
		B6C483E92631A87C0007BFD1 /* RangesTests.swift */ = {isa = PBXFileReference; lastKnownFileType = sourcecode.swift; path = RangesTests.swift; sourceTree = "<group>"; };
		B6C483ED2631B8D40007BFD1 /* Aggregate.swift */ = {isa = PBXFileReference; lastKnownFileType = sourcecode.swift; name = Aggregate.swift; path = herald/Sensor/Analysis/Sampling/Aggregate.swift; sourceTree = SOURCE_ROOT; };
		B6C483F32631D4520007BFD1 /* FowlerBasic.swift */ = {isa = PBXFileReference; lastKnownFileType = sourcecode.swift; name = FowlerBasic.swift; path = herald/Sensor/Analysis/Algorithms/Distance/FowlerBasic.swift; sourceTree = SOURCE_ROOT; };
		B6C483FA2631D7890007BFD1 /* RiskAggregationBasic.swift */ = {isa = PBXFileReference; lastKnownFileType = sourcecode.swift; name = RiskAggregationBasic.swift; path = herald/Sensor/Analysis/Algorithms/Risk/RiskAggregationBasic.swift; sourceTree = SOURCE_ROOT; };
		B6C484002631DC570007BFD1 /* ListManager.swift */ = {isa = PBXFileReference; lastKnownFileType = sourcecode.swift; name = ListManager.swift; path = herald/Sensor/Analysis/Sampling/ListManager.swift; sourceTree = SOURCE_ROOT; };
		B6C484062631EFA90007BFD1 /* AnalysisRunnerTests.swift */ = {isa = PBXFileReference; lastKnownFileType = sourcecode.swift; path = AnalysisRunnerTests.swift; sourceTree = "<group>"; };
		B6C4840A2631F15D0007BFD1 /* VariantSet.swift */ = {isa = PBXFileReference; lastKnownFileType = sourcecode.swift; name = VariantSet.swift; path = herald/Sensor/Analysis/Sampling/VariantSet.swift; sourceTree = SOURCE_ROOT; };
		B6C4840E2632C7660007BFD1 /* AnalysisDelegate.swift */ = {isa = PBXFileReference; lastKnownFileType = sourcecode.swift; name = AnalysisDelegate.swift; path = herald/Sensor/Analysis/Sampling/AnalysisDelegate.swift; sourceTree = SOURCE_ROOT; };
		B6C484122632CD8C0007BFD1 /* AnalysisProvider.swift */ = {isa = PBXFileReference; lastKnownFileType = sourcecode.swift; name = AnalysisProvider.swift; path = herald/Sensor/Analysis/Sampling/AnalysisProvider.swift; sourceTree = SOURCE_ROOT; };
		B6C484162632D15B0007BFD1 /* AnalysisRunner.swift */ = {isa = PBXFileReference; lastKnownFileType = sourcecode.swift; name = AnalysisRunner.swift; path = herald/Sensor/Analysis/Sampling/AnalysisRunner.swift; sourceTree = SOURCE_ROOT; };
		B6C4841A2632D3710007BFD1 /* DoubleValue.swift */ = {isa = PBXFileReference; lastKnownFileType = sourcecode.swift; name = DoubleValue.swift; path = Herald/Sensor/Datatype/DoubleValue.swift; sourceTree = SOURCE_ROOT; };
		B6C4841E2633444B0007BFD1 /* SmoothedLinearModel.swift */ = {isa = PBXFileReference; lastKnownFileType = sourcecode.swift; name = SmoothedLinearModel.swift; path = herald/Sensor/Analysis/Algorithms/Distance/SmoothedLinearModel.swift; sourceTree = SOURCE_ROOT; };
		B6D8A56E25229F33000E6CC2 /* Info.plist */ = {isa = PBXFileReference; fileEncoding = 4; lastKnownFileType = text.plist.xml; path = Info.plist; sourceTree = "<group>"; };
		B6DA10B225A78AF50071C08E /* CalibrationLog.swift */ = {isa = PBXFileReference; lastKnownFileType = sourcecode.swift; name = CalibrationLog.swift; path = herald/Sensor/Data/CalibrationLog.swift; sourceTree = SOURCE_ROOT; };
		B6EEC22C25B44A8800D1CDF9 /* Mobility.swift */ = {isa = PBXFileReference; lastKnownFileType = sourcecode.swift; name = Mobility.swift; path = herald/Sensor/Analysis/Mobility.swift; sourceTree = SOURCE_ROOT; };
		B6EEC23A25B58E0D00D1CDF9 /* EventLog.swift */ = {isa = PBXFileReference; lastKnownFileType = sourcecode.swift; name = EventLog.swift; path = herald/Sensor/Data/EventLog.swift; sourceTree = SOURCE_ROOT; };
		B6EEC24525B5BC4400D1CDF9 /* DataExtensions.swift */ = {isa = PBXFileReference; lastKnownFileType = sourcecode.swift; name = DataExtensions.swift; path = herald/Sensor/Extensions/DataExtensions.swift; sourceTree = SOURCE_ROOT; };
		B6F40DB9265814B00088B098 /* RingBuffer.swift */ = {isa = PBXFileReference; lastKnownFileType = sourcecode.swift; path = RingBuffer.swift; sourceTree = "<group>"; };
		B6F40DBE26582F8D0088B098 /* KeyExchange.swift */ = {isa = PBXFileReference; lastKnownFileType = sourcecode.swift; path = KeyExchange.swift; sourceTree = "<group>"; };
		B6F40DC42658FAD40088B098 /* Encryption.swift */ = {isa = PBXFileReference; lastKnownFileType = sourcecode.swift; path = Encryption.swift; sourceTree = "<group>"; };
		B6F40DC82658FB090088B098 /* Integrity.swift */ = {isa = PBXFileReference; lastKnownFileType = sourcecode.swift; path = Integrity.swift; sourceTree = "<group>"; };
		B6F40DCC2658FC5B0088B098 /* PseudoRandomFunction.swift */ = {isa = PBXFileReference; lastKnownFileType = sourcecode.swift; path = PseudoRandomFunction.swift; sourceTree = "<group>"; };
		B6F745EF255713C2003567B7 /* SocialDistance.swift */ = {isa = PBXFileReference; fileEncoding = 4; lastKnownFileType = sourcecode.swift; path = SocialDistance.swift; sourceTree = "<group>"; };
		B6F745F0255713C2003567B7 /* SampleStatistics.swift */ = {isa = PBXFileReference; fileEncoding = 4; lastKnownFileType = sourcecode.swift; path = SampleStatistics.swift; sourceTree = "<group>"; };
		B6F745F1255713C2003567B7 /* Interactions.swift */ = {isa = PBXFileReference; fileEncoding = 4; lastKnownFileType = sourcecode.swift; path = Interactions.swift; sourceTree = "<group>"; };
		B6F745F72557145E003567B7 /* PayloadDataMatcher.swift */ = {isa = PBXFileReference; fileEncoding = 4; lastKnownFileType = sourcecode.swift; path = PayloadDataMatcher.swift; sourceTree = "<group>"; };
		B6F745FC25571475003567B7 /* BloomFilter.swift */ = {isa = PBXFileReference; fileEncoding = 4; lastKnownFileType = sourcecode.swift; path = BloomFilter.swift; sourceTree = "<group>"; };
		B6F745FD25571475003567B7 /* SimplePayloadDataMatcher.swift */ = {isa = PBXFileReference; fileEncoding = 4; lastKnownFileType = sourcecode.swift; path = SimplePayloadDataMatcher.swift; sourceTree = "<group>"; };
		B6F74605255714C2003567B7 /* SocialDistanceTests.swift */ = {isa = PBXFileReference; fileEncoding = 4; lastKnownFileType = sourcecode.swift; path = SocialDistanceTests.swift; sourceTree = "<group>"; };
		B6F74606255714C2003567B7 /* SimplePayloadDataMatcherTests.swift */ = {isa = PBXFileReference; fileEncoding = 4; lastKnownFileType = sourcecode.swift; path = SimplePayloadDataMatcherTests.swift; sourceTree = "<group>"; };
		B6F74607255714C2003567B7 /* BloomFilterTests.swift */ = {isa = PBXFileReference; fileEncoding = 4; lastKnownFileType = sourcecode.swift; path = BloomFilterTests.swift; sourceTree = "<group>"; };
		B6F74608255714C2003567B7 /* InteractionsTests.swift */ = {isa = PBXFileReference; fileEncoding = 4; lastKnownFileType = sourcecode.swift; path = InteractionsTests.swift; sourceTree = "<group>"; };
		D1FA72CE2999233C00F2F784 /* Activities.swift */ = {isa = PBXFileReference; fileEncoding = 4; lastKnownFileType = sourcecode.swift; name = Activities.swift; path = herald/Sensor/Engine/Activities.swift; sourceTree = SOURCE_ROOT; };
		D1FA72D02999234800F2F784 /* Coordinator.swift */ = {isa = PBXFileReference; fileEncoding = 4; lastKnownFileType = sourcecode.swift; name = Coordinator.swift; path = herald/Sensor/Engine/Coordinator.swift; sourceTree = SOURCE_ROOT; };
		D301023C25B8DD8300598DF4 /* ExtendedDataTests.swift */ = {isa = PBXFileReference; lastKnownFileType = sourcecode.swift; path = ExtendedDataTests.swift; sourceTree = "<group>"; };
		D32988E325C34AE20066D9D4 /* PayloadDataFormatter.swift */ = {isa = PBXFileReference; lastKnownFileType = sourcecode.swift; name = PayloadDataFormatter.swift; path = herald/Sensor/Data/PayloadDataFormatter.swift; sourceTree = SOURCE_ROOT; };
/* End PBXFileReference section */

/* Begin PBXFrameworksBuildPhase section */
		B637EF4D251E55E60072D238 /* Frameworks */ = {
			isa = PBXFrameworksBuildPhase;
			buildActionMask = 2147483647;
			files = (
			);
			runOnlyForDeploymentPostprocessing = 0;
		};
		B650151825229D480070F774 /* Frameworks */ = {
			isa = PBXFrameworksBuildPhase;
			buildActionMask = 2147483647;
			files = (
				B650152025229D480070F774 /* Herald.framework in Frameworks */,
			);
			runOnlyForDeploymentPostprocessing = 0;
		};
/* End PBXFrameworksBuildPhase section */

/* Begin PBXGroup section */
		6F52D4FB257C46D30097DD92 /* Beacon */ = {
			isa = PBXGroup;
			children = (
				6F52D4FE257C470B0097DD92 /* BeaconPayloadDataSupplier.swift */,
			);
			path = Beacon;
			sourceTree = "<group>";
		};
		6F52D508257C4F4A0097DD92 /* Extended */ = {
			isa = PBXGroup;
			children = (
				6F52D509257C4F750097DD92 /* ExtendedData.swift */,
			);
			path = Extended;
			sourceTree = "<group>";
		};
		B637EF46251E55E60072D238 = {
			isa = PBXGroup;
			children = (
				6FE32EDC266542A900F22740 /* Herald.xctestplan */,
				B637EF52251E55E60072D238 /* Herald */,
				B650151C25229D480070F774 /* HeraldTests */,
				B637EF51251E55E60072D238 /* Products */,
			);
			sourceTree = "<group>";
		};
		B637EF51251E55E60072D238 /* Products */ = {
			isa = PBXGroup;
			children = (
				B637EF50251E55E60072D238 /* Herald.framework */,
				B650151B25229D480070F774 /* HeraldTests.xctest */,
			);
			name = Products;
			sourceTree = "<group>";
		};
		B637EF52251E55E60072D238 /* Herald */ = {
			isa = PBXGroup;
			children = (
				B637EF5C251E56320072D238 /* Sensor */,
				B637EF53251E55E60072D238 /* Herald.h */,
				B637EF54251E55E60072D238 /* Info.plist */,
			);
			path = Herald;
			sourceTree = "<group>";
		};
		B637EF5C251E56320072D238 /* Sensor */ = {
			isa = PBXGroup;
			children = (
				D13665722992EA8A00F2B4FC /* Engine */,
				B6EEC24425B5BC2B00D1CDF9 /* Extensions */,
				B6599D0125A4EAE600AC306D /* Motion */,
				B6F745EE255713C2003567B7 /* Analysis */,
				B637EF5D251E56320072D238 /* BLE */,
				B637EF63251E56320072D238 /* Location */,
				B637EF71251E56320072D238 /* Data */,
				B6D0913C2637743200321471 /* Datatype */,
				B637EF66251E56320072D238 /* Payload */,
				B637EF65251E56320072D238 /* Sensor.swift */,
				B637EF6F251E56320072D238 /* SensorArray.swift */,
				B637EF70251E56320072D238 /* PayloadDataSupplier.swift */,
				B6F745F72557145E003567B7 /* PayloadDataMatcher.swift */,
				B637EF78251E56320072D238 /* SensorDelegate.swift */,
				6FE142FA2565C39A0084A59C /* Device.swift */,
			);
			path = Sensor;
			sourceTree = "<group>";
		};
		B637EF5D251E56320072D238 /* BLE */ = {
			isa = PBXGroup;
			children = (
				B637EF5E251E56320072D238 /* BLESensor.swift */,
				B637EF5F251E56320072D238 /* BLEDatabase.swift */,
				B637EF60251E56320072D238 /* BLEUtilities.swift */,
				B637EF61251E56320072D238 /* BLETransmitter.swift */,
				B637EF62251E56320072D238 /* BLEReceiver.swift */,
				B69F189825B84B32001CC891 /* BLEAdvertParser.swift */,
			);
			path = BLE;
			sourceTree = "<group>";
		};
		B637EF63251E56320072D238 /* Location */ = {
			isa = PBXGroup;
			children = (
				B637EF64251E56320072D238 /* MobilitySensor.swift */,
			);
			path = Location;
			sourceTree = "<group>";
		};
		B637EF66251E56320072D238 /* Payload */ = {
			isa = PBXGroup;
			children = (
				6F52D508257C4F4A0097DD92 /* Extended */,
				6F52D4FB257C46D30097DD92 /* Beacon */,
				B650151225229CED0070F774 /* Simple */,
				B637EF67251E56320072D238 /* Test */,
			);
			path = Payload;
			sourceTree = "<group>";
		};
		B637EF67251E56320072D238 /* Test */ = {
			isa = PBXGroup;
			children = (
				B637EF68251E56320072D238 /* TestPayloadDataSupplier.swift */,
			);
			path = Test;
			sourceTree = "<group>";
		};
		B637EF71251E56320072D238 /* Data */ = {
			isa = PBXGroup;
			children = (
				B6F40DBD26582F500088B098 /* Security */,
				B637EF72251E56320072D238 /* TextFile.swift */,
				B62983D2268229FE00C88B9D /* SensorDelegateLogger.swift */,
				B62983CE2682296E00C88B9D /* Resettable.swift */,
				B637EF73251E56320072D238 /* BatteryLog.swift */,
				B637EF74251E56320072D238 /* DetectionLog.swift */,
				B637EF75251E56320072D238 /* SensorLogger.swift */,
				B637EF76251E56320072D238 /* ContactLog.swift */,
				B6DA10B225A78AF50071C08E /* CalibrationLog.swift */,
				B637EF77251E56320072D238 /* StatisticsLog.swift */,
				B68DAB892580040400F396D7 /* EventTimeIntervalLog.swift */,
				B6EEC23A25B58E0D00D1CDF9 /* EventLog.swift */,
				D32988E325C34AE20066D9D4 /* PayloadDataFormatter.swift */,
			);
			path = Data;
			sourceTree = "<group>";
		};
		B650151225229CED0070F774 /* Simple */ = {
			isa = PBXGroup;
			children = (
				B650151325229D060070F774 /* SimplePayloadDataSupplier.swift */,
				B6F745FD25571475003567B7 /* SimplePayloadDataMatcher.swift */,
				B6F745FC25571475003567B7 /* BloomFilter.swift */,
			);
			path = Simple;
			sourceTree = "<group>";
		};
		B650151C25229D480070F774 /* HeraldTests */ = {
			isa = PBXGroup;
			children = (
				6FE013CF28A91C9F00D9545F /* PublicAPITests.swift */,
				B6D8A56E25229F33000E6CC2 /* Info.plist */,
				B650152825229D760070F774 /* SimplePayloadDataSupplierTests.swift */,
				B6F74607255714C2003567B7 /* BloomFilterTests.swift */,
				B6F74608255714C2003567B7 /* InteractionsTests.swift */,
				B6F74606255714C2003567B7 /* SimplePayloadDataMatcherTests.swift */,
				B6F74605255714C2003567B7 /* SocialDistanceTests.swift */,
				6F52D504257C47820097DD92 /* BeaconPayloadDataSupplierTests.swift */,
				6F273A4B258631AF0090B3B5 /* VenueDiaryEventTests.swift */,
				6F273A4F258641CA0090B3B5 /* VenueDiaryTests.swift */,
				6FBC6F1F25867508001A86CE /* DataExtensionTests.swift */,
				B69F189C25B8A6AB001CC891 /* BLEAdvertParserTests.swift */,
				D301023C25B8DD8300598DF4 /* ExtendedDataTests.swift */,
				B69FA4C225C2FD3B005E1E00 /* PseudoDeviceAddressTests.swift */,
				B6C483C62630B1CD0007BFD1 /* SampleTests.swift */,
				B6C483E526318AED0007BFD1 /* SampleListTests.swift */,
				B6C483E92631A87C0007BFD1 /* RangesTests.swift */,
				B6C484062631EFA90007BFD1 /* AnalysisRunnerTests.swift */,
				B61B1C97263AE69300FA20B0 /* TextFileTests.swift */,
				B61B1C9D263AFACC00FA20B0 /* RssiHistogramTests.swift */,
				B61B1CA5263B165F00FA20B0 /* SelfCalibratedModelTests.swift */,
				B6BDCFA4264D2AF2005C42C5 /* UIntBigTests.swift */,
				B6B62B082677B4BD009B97BC /* KeyExchangeTests.swift */,
				B6B62B0C2677BA32009B97BC /* EncryptionTests.swift */,
				B6B62B102677BDBF009B97BC /* IntegrityTests.swift */,
				B6B62B142678B7C3009B97BC /* TransportLayerSecurityTests.swift */,
			);
			path = HeraldTests;
			sourceTree = "<group>";
		};
		B65235B926308DDD007321B8 /* Sampling */ = {
			isa = PBXGroup;
			children = (
				B65235BA26308DF6007321B8 /* Sample.swift */,
				B6C483D12630B6680007BFD1 /* SampleList.swift */,
				B6C483D926317E600007BFD1 /* Filter.swift */,
				B6C483ED2631B8D40007BFD1 /* Aggregate.swift */,
				B6C484002631DC570007BFD1 /* ListManager.swift */,
				B6C4840A2631F15D0007BFD1 /* VariantSet.swift */,
				B6C4840E2632C7660007BFD1 /* AnalysisDelegate.swift */,
				B6C484122632CD8C0007BFD1 /* AnalysisProvider.swift */,
				B6C484162632D15B0007BFD1 /* AnalysisRunner.swift */,
			);
			path = Sampling;
			sourceTree = "<group>";
		};
		B6599D0125A4EAE600AC306D /* Motion */ = {
			isa = PBXGroup;
			children = (
				B6599D0225A4EB0C00AC306D /* InertiaSensor.swift */,
			);
			path = Motion;
			sourceTree = "<group>";
		};
		B6C483F12631D4360007BFD1 /* Algorithms */ = {
			isa = PBXGroup;
			children = (
				B6C483F22631D4430007BFD1 /* Distance */,
				B6C483F92631D7780007BFD1 /* Risk */,
			);
			path = Algorithms;
			sourceTree = "<group>";
		};
		B6C483F22631D4430007BFD1 /* Distance */ = {
			isa = PBXGroup;
			children = (
				B6C483F32631D4520007BFD1 /* FowlerBasic.swift */,
				B6C4841E2633444B0007BFD1 /* SmoothedLinearModel.swift */,
				B61B1CA1263B12FE00FA20B0 /* SelfCalibratedModel.swift */,
			);
			path = Distance;
			sourceTree = "<group>";
		};
		B6C483F92631D7780007BFD1 /* Risk */ = {
			isa = PBXGroup;
			children = (
				B6C483FA2631D7890007BFD1 /* RiskAggregationBasic.swift */,
			);
			path = Risk;
			sourceTree = "<group>";
		};
		B6D0913C2637743200321471 /* Datatype */ = {
			isa = PBXGroup;
			children = (
				B6C4841A2632D3710007BFD1 /* DoubleValue.swift */,
				B6BDCFA0264D2AE5005C42C5 /* UIntBig.swift */,
				B6F40DB9265814B00088B098 /* RingBuffer.swift */,
			);
			path = Datatype;
			sourceTree = "<group>";
		};
		B6EEC24425B5BC2B00D1CDF9 /* Extensions */ = {
			isa = PBXGroup;
			children = (
				6F273A47258631190090B3B5 /* DateExtensions.swift */,
				B6EEC24525B5BC4400D1CDF9 /* DataExtensions.swift */,
			);
			path = Extensions;
			sourceTree = "<group>";
		};
		B6F40DBD26582F500088B098 /* Security */ = {
			isa = PBXGroup;
			children = (
				B6F40DBE26582F8D0088B098 /* KeyExchange.swift */,
				B6F40DC42658FAD40088B098 /* Encryption.swift */,
				B6F40DC82658FB090088B098 /* Integrity.swift */,
				B6F40DCC2658FC5B0088B098 /* PseudoRandomFunction.swift */,
				B630C45D266FFADE002C316B /* TransportLayerSecurity.swift */,
			);
			path = Security;
			sourceTree = "<group>";
		};
		B6F745EE255713C2003567B7 /* Analysis */ = {
			isa = PBXGroup;
			children = (
				B6C483F12631D4360007BFD1 /* Algorithms */,
				B65235B926308DDD007321B8 /* Sampling */,
				B6F745EF255713C2003567B7 /* SocialDistance.swift */,
				B6F745F0255713C2003567B7 /* SampleStatistics.swift */,
				B6F745F1255713C2003567B7 /* Interactions.swift */,
				6F273A4325862B1A0090B3B5 /* VenueDiary.swift */,
				B6EEC22C25B44A8800D1CDF9 /* Mobility.swift */,
			);
			path = Analysis;
			sourceTree = "<group>";
		};
		D13665722992EA8A00F2B4FC /* Engine */ = {
			isa = PBXGroup;
			children = (
				D1FA72CE2999233C00F2F784 /* Activities.swift */,
				D1FA72D02999234800F2F784 /* Coordinator.swift */,
			);
			path = Engine;
			sourceTree = "<group>";
		};
/* End PBXGroup section */

/* Begin PBXHeadersBuildPhase section */
		B637EF4B251E55E60072D238 /* Headers */ = {
			isa = PBXHeadersBuildPhase;
			buildActionMask = 2147483647;
			files = (
				B637EF55251E55E60072D238 /* Herald.h in Headers */,
			);
			runOnlyForDeploymentPostprocessing = 0;
		};
/* End PBXHeadersBuildPhase section */

/* Begin PBXNativeTarget section */
		B637EF4F251E55E60072D238 /* Herald */ = {
			isa = PBXNativeTarget;
			buildConfigurationList = B637EF58251E55E60072D238 /* Build configuration list for PBXNativeTarget "Herald" */;
			buildPhases = (
				B637EF4B251E55E60072D238 /* Headers */,
				B637EF4C251E55E60072D238 /* Sources */,
				B637EF4D251E55E60072D238 /* Frameworks */,
				B637EF4E251E55E60072D238 /* Resources */,
			);
			buildRules = (
			);
			dependencies = (
			);
			name = Herald;
			productName = Herald;
			productReference = B637EF50251E55E60072D238 /* Herald.framework */;
			productType = "com.apple.product-type.framework";
		};
		B650151A25229D480070F774 /* HeraldTests */ = {
			isa = PBXNativeTarget;
			buildConfigurationList = B650152325229D480070F774 /* Build configuration list for PBXNativeTarget "HeraldTests" */;
			buildPhases = (
				B650151725229D480070F774 /* Sources */,
				B650151825229D480070F774 /* Frameworks */,
				B650151925229D480070F774 /* Resources */,
			);
			buildRules = (
			);
			dependencies = (
				B650152225229D480070F774 /* PBXTargetDependency */,
			);
			name = HeraldTests;
			productName = HeraldTests;
			productReference = B650151B25229D480070F774 /* HeraldTests.xctest */;
			productType = "com.apple.product-type.bundle.unit-test";
		};
/* End PBXNativeTarget section */

/* Begin PBXProject section */
		B637EF47251E55E60072D238 /* Project object */ = {
			isa = PBXProject;
			attributes = {
				LastSwiftUpdateCheck = 1200;
				LastUpgradeCheck = 1200;
				ORGANIZATIONNAME = io.heraldprox;
				TargetAttributes = {
					B637EF4F251E55E60072D238 = {
						CreatedOnToolsVersion = 12.0.1;
					};
					B650151A25229D480070F774 = {
						CreatedOnToolsVersion = 12.0.1;
					};
				};
			};
			buildConfigurationList = B637EF4A251E55E60072D238 /* Build configuration list for PBXProject "Herald" */;
			compatibilityVersion = "Xcode 9.3";
			developmentRegion = en;
			hasScannedForEncodings = 0;
			knownRegions = (
				en,
				Base,
			);
			mainGroup = B637EF46251E55E60072D238;
			productRefGroup = B637EF51251E55E60072D238 /* Products */;
			projectDirPath = "";
			projectRoot = "";
			targets = (
				B637EF4F251E55E60072D238 /* Herald */,
				B650151A25229D480070F774 /* HeraldTests */,
			);
		};
/* End PBXProject section */

/* Begin PBXResourcesBuildPhase section */
		B637EF4E251E55E60072D238 /* Resources */ = {
			isa = PBXResourcesBuildPhase;
			buildActionMask = 2147483647;
			files = (
			);
			runOnlyForDeploymentPostprocessing = 0;
		};
		B650151925229D480070F774 /* Resources */ = {
			isa = PBXResourcesBuildPhase;
			buildActionMask = 2147483647;
			files = (
			);
			runOnlyForDeploymentPostprocessing = 0;
		};
/* End PBXResourcesBuildPhase section */

/* Begin PBXSourcesBuildPhase section */
		B637EF4C251E55E60072D238 /* Sources */ = {
			isa = PBXSourcesBuildPhase;
			buildActionMask = 2147483647;
			files = (
				B6C484132632CD8C0007BFD1 /* AnalysisProvider.swift in Sources */,
				B6C484172632D15B0007BFD1 /* AnalysisRunner.swift in Sources */,
				B6C483EE2631B8D40007BFD1 /* Aggregate.swift in Sources */,
				B69F189925B84B32001CC891 /* BLEAdvertParser.swift in Sources */,
				B637EF7D251E56320072D238 /* BLEReceiver.swift in Sources */,
				B6F40DBA265814B00088B098 /* RingBuffer.swift in Sources */,
				B6F40DC92658FB090088B098 /* Integrity.swift in Sources */,
				B637EF7B251E56320072D238 /* BLEUtilities.swift in Sources */,
				B6F40DCD2658FC5B0088B098 /* PseudoRandomFunction.swift in Sources */,
				B6C4840B2631F15D0007BFD1 /* VariantSet.swift in Sources */,
				B6F7460025571475003567B7 /* SimplePayloadDataMatcher.swift in Sources */,
				B6C483F42631D4520007BFD1 /* FowlerBasic.swift in Sources */,
				B637EF7A251E56320072D238 /* BLEDatabase.swift in Sources */,
				B61B1CA2263B12FE00FA20B0 /* SelfCalibratedModel.swift in Sources */,
				B6EEC22D25B44A8800D1CDF9 /* Mobility.swift in Sources */,
				B6BDCFA1264D2AE5005C42C5 /* UIntBig.swift in Sources */,
				B6C4840F2632C7660007BFD1 /* AnalysisDelegate.swift in Sources */,
				B637EF79251E56320072D238 /* BLESensor.swift in Sources */,
				6F52D4FF257C470B0097DD92 /* BeaconPayloadDataSupplier.swift in Sources */,
				B6C483D22630B6680007BFD1 /* SampleList.swift in Sources */,
				B6F745F82557145E003567B7 /* PayloadDataMatcher.swift in Sources */,
				B6F745FF25571475003567B7 /* BloomFilter.swift in Sources */,
				6F273A4425862B1A0090B3B5 /* VenueDiary.swift in Sources */,
				B6C4841F2633444B0007BFD1 /* SmoothedLinearModel.swift in Sources */,
				B637EF8A251E56320072D238 /* DetectionLog.swift in Sources */,
				B630C45E266FFADE002C316B /* TransportLayerSecurity.swift in Sources */,
				B6F745F4255713C2003567B7 /* Interactions.swift in Sources */,
				B62983D3268229FE00C88B9D /* SensorDelegateLogger.swift in Sources */,
				B637EF89251E56320072D238 /* BatteryLog.swift in Sources */,
				B650151425229D060070F774 /* SimplePayloadDataSupplier.swift in Sources */,
				D32988E425C34AE20066D9D4 /* PayloadDataFormatter.swift in Sources */,
				B637EF7E251E56320072D238 /* MobilitySensor.swift in Sources */,
				6F273A48258631190090B3B5 /* DateExtensions.swift in Sources */,
				B637EF7C251E56320072D238 /* BLETransmitter.swift in Sources */,
				B6599D0325A4EB0C00AC306D /* InertiaSensor.swift in Sources */,
				B6EEC23B25B58E0D00D1CDF9 /* EventLog.swift in Sources */,
				B637EF8C251E56320072D238 /* ContactLog.swift in Sources */,
				B6F40DC52658FAD40088B098 /* Encryption.swift in Sources */,
				B6DA10B325A78AF50071C08E /* CalibrationLog.swift in Sources */,
				B637EF8E251E56320072D238 /* SensorDelegate.swift in Sources */,
				D1FA72CF2999233C00F2F784 /* Activities.swift in Sources */,
				B637EF86251E56320072D238 /* SensorArray.swift in Sources */,
				B637EF8D251E56320072D238 /* StatisticsLog.swift in Sources */,
				6FE142FB2565C39A0084A59C /* Device.swift in Sources */,
				B6C484012631DC570007BFD1 /* ListManager.swift in Sources */,
				B6C483FB2631D7890007BFD1 /* RiskAggregationBasic.swift in Sources */,
				6F52D50A257C4F750097DD92 /* ExtendedData.swift in Sources */,
				B637EF8B251E56320072D238 /* SensorLogger.swift in Sources */,
				B6F40DBF26582F8D0088B098 /* KeyExchange.swift in Sources */,
				B637EF80251E56320072D238 /* TestPayloadDataSupplier.swift in Sources */,
				B6F745F3255713C2003567B7 /* SampleStatistics.swift in Sources */,
				B637EF7F251E56320072D238 /* Sensor.swift in Sources */,
				B6F745F2255713C2003567B7 /* SocialDistance.swift in Sources */,
				B6C483DA26317E600007BFD1 /* Filter.swift in Sources */,
				B62983CF2682296E00C88B9D /* Resettable.swift in Sources */,
				B637EF88251E56320072D238 /* TextFile.swift in Sources */,
				B68DAB8A2580040400F396D7 /* EventTimeIntervalLog.swift in Sources */,
				B6C4841B2632D3710007BFD1 /* DoubleValue.swift in Sources */,
				B637EF87251E56320072D238 /* PayloadDataSupplier.swift in Sources */,
				B65235BB26308DF6007321B8 /* Sample.swift in Sources */,
				B6EEC24625B5BC4400D1CDF9 /* DataExtensions.swift in Sources */,
				D1FA72D12999234800F2F784 /* Coordinator.swift in Sources */,
			);
			runOnlyForDeploymentPostprocessing = 0;
		};
		B650151725229D480070F774 /* Sources */ = {
			isa = PBXSourcesBuildPhase;
			buildActionMask = 2147483647;
			files = (
				B6B62B0D2677BA32009B97BC /* EncryptionTests.swift in Sources */,
				B6B62B112677BDBF009B97BC /* IntegrityTests.swift in Sources */,
				B6B62B092677B4BD009B97BC /* KeyExchangeTests.swift in Sources */,
				B650152925229D760070F774 /* SimplePayloadDataSupplierTests.swift in Sources */,
				B6C483E626318AED0007BFD1 /* SampleListTests.swift in Sources */,
				B6BDCFA5264D2AF2005C42C5 /* UIntBigTests.swift in Sources */,
				B6F74609255714C2003567B7 /* SocialDistanceTests.swift in Sources */,
				D301023D25B8DD8300598DF4 /* ExtendedDataTests.swift in Sources */,
				6F52D505257C47820097DD92 /* BeaconPayloadDataSupplierTests.swift in Sources */,
				B61B1CA6263B165F00FA20B0 /* SelfCalibratedModelTests.swift in Sources */,
				B6C484072631EFA90007BFD1 /* AnalysisRunnerTests.swift in Sources */,
				B6F7460A255714C2003567B7 /* SimplePayloadDataMatcherTests.swift in Sources */,
				B6B62B152678B7C3009B97BC /* TransportLayerSecurityTests.swift in Sources */,
				6FBC6F2025867508001A86CE /* DataExtensionTests.swift in Sources */,
				B6C483C72630B1CD0007BFD1 /* SampleTests.swift in Sources */,
				6F273A4C258631AF0090B3B5 /* VenueDiaryEventTests.swift in Sources */,
				B6F7460C255714C2003567B7 /* InteractionsTests.swift in Sources */,
				6FE013D028A91C9F00D9545F /* PublicAPITests.swift in Sources */,
				B61B1C9E263AFACC00FA20B0 /* RssiHistogramTests.swift in Sources */,
				B61B1C98263AE69300FA20B0 /* TextFileTests.swift in Sources */,
				B6F7460B255714C2003567B7 /* BloomFilterTests.swift in Sources */,
				B69F189D25B8A6AB001CC891 /* BLEAdvertParserTests.swift in Sources */,
				B69FA4C325C2FD3B005E1E00 /* PseudoDeviceAddressTests.swift in Sources */,
				6F273A50258641CA0090B3B5 /* VenueDiaryTests.swift in Sources */,
				B6C483EA2631A87C0007BFD1 /* RangesTests.swift in Sources */,
			);
			runOnlyForDeploymentPostprocessing = 0;
		};
/* End PBXSourcesBuildPhase section */

/* Begin PBXTargetDependency section */
		B650152225229D480070F774 /* PBXTargetDependency */ = {
			isa = PBXTargetDependency;
			platformFilter = ios;
			target = B637EF4F251E55E60072D238 /* Herald */;
			targetProxy = B650152125229D480070F774 /* PBXContainerItemProxy */;
		};
/* End PBXTargetDependency section */

/* Begin XCBuildConfiguration section */
		B637EF56251E55E60072D238 /* Debug */ = {
			isa = XCBuildConfiguration;
			buildSettings = {
				ALWAYS_SEARCH_USER_PATHS = NO;
				ARCHS = "$(ARCHS_STANDARD)";
				CLANG_ANALYZER_NONNULL = YES;
				CLANG_ANALYZER_NUMBER_OBJECT_CONVERSION = YES_AGGRESSIVE;
				CLANG_CXX_LANGUAGE_STANDARD = "gnu++14";
				CLANG_CXX_LIBRARY = "libc++";
				CLANG_ENABLE_MODULES = YES;
				CLANG_ENABLE_OBJC_ARC = YES;
				CLANG_ENABLE_OBJC_WEAK = YES;
				CLANG_WARN_BLOCK_CAPTURE_AUTORELEASING = YES;
				CLANG_WARN_BOOL_CONVERSION = YES;
				CLANG_WARN_COMMA = YES;
				CLANG_WARN_CONSTANT_CONVERSION = YES;
				CLANG_WARN_DEPRECATED_OBJC_IMPLEMENTATIONS = YES;
				CLANG_WARN_DIRECT_OBJC_ISA_USAGE = YES_ERROR;
				CLANG_WARN_DOCUMENTATION_COMMENTS = YES;
				CLANG_WARN_EMPTY_BODY = YES;
				CLANG_WARN_ENUM_CONVERSION = YES;
				CLANG_WARN_INFINITE_RECURSION = YES;
				CLANG_WARN_INT_CONVERSION = YES;
				CLANG_WARN_NON_LITERAL_NULL_CONVERSION = YES;
				CLANG_WARN_OBJC_IMPLICIT_RETAIN_SELF = YES;
				CLANG_WARN_OBJC_LITERAL_CONVERSION = YES;
				CLANG_WARN_OBJC_ROOT_CLASS = YES_ERROR;
				CLANG_WARN_QUOTED_INCLUDE_IN_FRAMEWORK_HEADER = YES;
				CLANG_WARN_RANGE_LOOP_ANALYSIS = YES;
				CLANG_WARN_STRICT_PROTOTYPES = YES;
				CLANG_WARN_SUSPICIOUS_MOVE = YES;
				CLANG_WARN_UNGUARDED_AVAILABILITY = YES_AGGRESSIVE;
				CLANG_WARN_UNREACHABLE_CODE = YES;
				CLANG_WARN__DUPLICATE_METHOD_MATCH = YES;
				COPY_PHASE_STRIP = NO;
				CURRENT_PROJECT_VERSION = 1;
				DEBUG_INFORMATION_FORMAT = dwarf;
				ENABLE_STRICT_OBJC_MSGSEND = YES;
				ENABLE_TESTABILITY = YES;
				GCC_C_LANGUAGE_STANDARD = gnu11;
				GCC_DYNAMIC_NO_PIC = NO;
				GCC_NO_COMMON_BLOCKS = YES;
				GCC_OPTIMIZATION_LEVEL = 0;
				GCC_PREPROCESSOR_DEFINITIONS = (
					"DEBUG=1",
					"$(inherited)",
				);
				GCC_WARN_64_TO_32_BIT_CONVERSION = YES;
				GCC_WARN_ABOUT_RETURN_TYPE = YES_ERROR;
				GCC_WARN_UNDECLARED_SELECTOR = YES;
				GCC_WARN_UNINITIALIZED_AUTOS = YES_AGGRESSIVE;
				GCC_WARN_UNUSED_FUNCTION = YES;
				GCC_WARN_UNUSED_VARIABLE = YES;
				IPHONEOS_DEPLOYMENT_TARGET = 12.0;
				MTL_ENABLE_DEBUG_INFO = INCLUDE_SOURCE;
				MTL_FAST_MATH = YES;
				ONLY_ACTIVE_ARCH = YES;
				SDKROOT = iphoneos;
				SWIFT_ACTIVE_COMPILATION_CONDITIONS = DEBUG;
				SWIFT_OPTIMIZATION_LEVEL = "-Onone";
				VERSIONING_SYSTEM = "apple-generic";
				VERSION_INFO_PREFIX = "";
			};
			name = Debug;
		};
		B637EF57251E55E60072D238 /* Release */ = {
			isa = XCBuildConfiguration;
			buildSettings = {
				ALWAYS_SEARCH_USER_PATHS = NO;
				ARCHS = "$(ARCHS_STANDARD)";
				CLANG_ANALYZER_NONNULL = YES;
				CLANG_ANALYZER_NUMBER_OBJECT_CONVERSION = YES_AGGRESSIVE;
				CLANG_CXX_LANGUAGE_STANDARD = "gnu++14";
				CLANG_CXX_LIBRARY = "libc++";
				CLANG_ENABLE_MODULES = YES;
				CLANG_ENABLE_OBJC_ARC = YES;
				CLANG_ENABLE_OBJC_WEAK = YES;
				CLANG_WARN_BLOCK_CAPTURE_AUTORELEASING = YES;
				CLANG_WARN_BOOL_CONVERSION = YES;
				CLANG_WARN_COMMA = YES;
				CLANG_WARN_CONSTANT_CONVERSION = YES;
				CLANG_WARN_DEPRECATED_OBJC_IMPLEMENTATIONS = YES;
				CLANG_WARN_DIRECT_OBJC_ISA_USAGE = YES_ERROR;
				CLANG_WARN_DOCUMENTATION_COMMENTS = YES;
				CLANG_WARN_EMPTY_BODY = YES;
				CLANG_WARN_ENUM_CONVERSION = YES;
				CLANG_WARN_INFINITE_RECURSION = YES;
				CLANG_WARN_INT_CONVERSION = YES;
				CLANG_WARN_NON_LITERAL_NULL_CONVERSION = YES;
				CLANG_WARN_OBJC_IMPLICIT_RETAIN_SELF = YES;
				CLANG_WARN_OBJC_LITERAL_CONVERSION = YES;
				CLANG_WARN_OBJC_ROOT_CLASS = YES_ERROR;
				CLANG_WARN_QUOTED_INCLUDE_IN_FRAMEWORK_HEADER = YES;
				CLANG_WARN_RANGE_LOOP_ANALYSIS = YES;
				CLANG_WARN_STRICT_PROTOTYPES = YES;
				CLANG_WARN_SUSPICIOUS_MOVE = YES;
				CLANG_WARN_UNGUARDED_AVAILABILITY = YES_AGGRESSIVE;
				CLANG_WARN_UNREACHABLE_CODE = YES;
				CLANG_WARN__DUPLICATE_METHOD_MATCH = YES;
				COPY_PHASE_STRIP = NO;
				CURRENT_PROJECT_VERSION = 1;
				DEBUG_INFORMATION_FORMAT = "dwarf-with-dsym";
				ENABLE_NS_ASSERTIONS = NO;
				ENABLE_STRICT_OBJC_MSGSEND = YES;
				GCC_C_LANGUAGE_STANDARD = gnu11;
				GCC_NO_COMMON_BLOCKS = YES;
				GCC_WARN_64_TO_32_BIT_CONVERSION = YES;
				GCC_WARN_ABOUT_RETURN_TYPE = YES_ERROR;
				GCC_WARN_UNDECLARED_SELECTOR = YES;
				GCC_WARN_UNINITIALIZED_AUTOS = YES_AGGRESSIVE;
				GCC_WARN_UNUSED_FUNCTION = YES;
				GCC_WARN_UNUSED_VARIABLE = YES;
				IPHONEOS_DEPLOYMENT_TARGET = 12.0;
				MTL_ENABLE_DEBUG_INFO = NO;
				MTL_FAST_MATH = YES;
				SDKROOT = iphoneos;
				SWIFT_COMPILATION_MODE = wholemodule;
				SWIFT_OPTIMIZATION_LEVEL = "-O";
				VALIDATE_PRODUCT = YES;
				VERSIONING_SYSTEM = "apple-generic";
				VERSION_INFO_PREFIX = "";
			};
			name = Release;
		};
		B637EF59251E55E60072D238 /* Debug */ = {
			isa = XCBuildConfiguration;
			buildSettings = {
				CODE_SIGN_IDENTITY = "Apple Development";
				CODE_SIGN_STYLE = Automatic;
				DEFINES_MODULE = YES;
				DEVELOPMENT_TEAM = "";
				DYLIB_COMPATIBILITY_VERSION = 1;
				DYLIB_CURRENT_VERSION = 1;
				DYLIB_INSTALL_NAME_BASE = "@rpath";
				INFOPLIST_FILE = Herald/Info.plist;
				INSTALL_PATH = "$(LOCAL_LIBRARY_DIR)/Frameworks";
				IPHONEOS_DEPLOYMENT_TARGET = 9.3;
				LD_RUNPATH_SEARCH_PATHS = (
					"$(inherited)",
					"@executable_path/Frameworks",
					"@loader_path/Frameworks",
				);
				MARKETING_VERSION = 2.2.0;
				PRODUCT_BUNDLE_IDENTIFIER = io.heraldprox.herald;
				PRODUCT_NAME = "$(TARGET_NAME:c99extidentifier)";
				SKIP_INSTALL = YES;
				SUPPORTS_MACCATALYST = NO;
				SWIFT_VERSION = 5.0;
				TARGETED_DEVICE_FAMILY = 1;
			};
			name = Debug;
		};
		B637EF5A251E55E60072D238 /* Release */ = {
			isa = XCBuildConfiguration;
			buildSettings = {
				CODE_SIGN_IDENTITY = "Apple Development";
				CODE_SIGN_STYLE = Automatic;
				DEFINES_MODULE = YES;
				DEVELOPMENT_TEAM = "";
				DYLIB_COMPATIBILITY_VERSION = 1;
				DYLIB_CURRENT_VERSION = 1;
				DYLIB_INSTALL_NAME_BASE = "@rpath";
				INFOPLIST_FILE = Herald/Info.plist;
				INSTALL_PATH = "$(LOCAL_LIBRARY_DIR)/Frameworks";
				IPHONEOS_DEPLOYMENT_TARGET = 9.3;
				LD_RUNPATH_SEARCH_PATHS = (
					"$(inherited)",
					"@executable_path/Frameworks",
					"@loader_path/Frameworks",
				);
				MARKETING_VERSION = 2.2.0;
				PRODUCT_BUNDLE_IDENTIFIER = io.heraldprox.herald;
				PRODUCT_NAME = "$(TARGET_NAME:c99extidentifier)";
				SKIP_INSTALL = YES;
				SUPPORTS_MACCATALYST = NO;
				SWIFT_VERSION = 5.0;
				TARGETED_DEVICE_FAMILY = 1;
			};
			name = Release;
		};
		B650152425229D480070F774 /* Debug */ = {
			isa = XCBuildConfiguration;
			buildSettings = {
				CODE_SIGN_STYLE = Automatic;
				DEVELOPMENT_TEAM = Z4G2H2H6CW;
				INFOPLIST_FILE = HeraldTests/Info.plist;
				IPHONEOS_DEPLOYMENT_TARGET = 12.0;
				LD_RUNPATH_SEARCH_PATHS = (
					"$(inherited)",
					"@executable_path/Frameworks",
					"@loader_path/Frameworks",
				);
				PRODUCT_BUNDLE_IDENTIFIER = io.heraldprox.HeraldTests;
				PRODUCT_NAME = "$(TARGET_NAME)";
				SWIFT_VERSION = 5.0;
				TARGETED_DEVICE_FAMILY = 1;
			};
			name = Debug;
		};
		B650152525229D480070F774 /* Release */ = {
			isa = XCBuildConfiguration;
			buildSettings = {
				CODE_SIGN_STYLE = Automatic;
				DEVELOPMENT_TEAM = Z4G2H2H6CW;
				INFOPLIST_FILE = HeraldTests/Info.plist;
				IPHONEOS_DEPLOYMENT_TARGET = 12.0;
				LD_RUNPATH_SEARCH_PATHS = (
					"$(inherited)",
					"@executable_path/Frameworks",
					"@loader_path/Frameworks",
				);
				PRODUCT_BUNDLE_IDENTIFIER = io.heraldprox.HeraldTests;
				PRODUCT_NAME = "$(TARGET_NAME)";
				SWIFT_VERSION = 5.0;
				TARGETED_DEVICE_FAMILY = 1;
			};
			name = Release;
		};
/* End XCBuildConfiguration section */

/* Begin XCConfigurationList section */
		B637EF4A251E55E60072D238 /* Build configuration list for PBXProject "Herald" */ = {
			isa = XCConfigurationList;
			buildConfigurations = (
				B637EF56251E55E60072D238 /* Debug */,
				B637EF57251E55E60072D238 /* Release */,
			);
			defaultConfigurationIsVisible = 0;
			defaultConfigurationName = Release;
		};
		B637EF58251E55E60072D238 /* Build configuration list for PBXNativeTarget "Herald" */ = {
			isa = XCConfigurationList;
			buildConfigurations = (
				B637EF59251E55E60072D238 /* Debug */,
				B637EF5A251E55E60072D238 /* Release */,
			);
			defaultConfigurationIsVisible = 0;
			defaultConfigurationName = Release;
		};
		B650152325229D480070F774 /* Build configuration list for PBXNativeTarget "HeraldTests" */ = {
			isa = XCConfigurationList;
			buildConfigurations = (
				B650152425229D480070F774 /* Debug */,
				B650152525229D480070F774 /* Release */,
			);
			defaultConfigurationIsVisible = 0;
			defaultConfigurationName = Release;
		};
/* End XCConfigurationList section */
	};
	rootObject = B637EF47251E55E60072D238 /* Project object */;
}
