// !$*UTF8*$!
{
   archiveVersion = "1";
   objectVersion = "46";
   objects = {
      "Herald::Herald" = {
         isa = "PBXNativeTarget";
         buildConfigurationList = "OBJ_118";
         buildPhases = (
            "OBJ_121",
            "OBJ_174"
         );
         dependencies = (
         );
         name = "Herald";
         productName = "Herald";
         productReference = "Herald::Herald::Product";
         productType = "com.apple.product-type.framework";
      };
      "Herald::Herald::Product" = {
         isa = "PBXFileReference";
         path = "Herald.framework";
         sourceTree = "BUILT_PRODUCTS_DIR";
      };
      "Herald::HeraldPackageTests::ProductTarget" = {
         isa = "PBXAggregateTarget";
         buildConfigurationList = "OBJ_182";
         buildPhases = (
         );
         dependencies = (
            "OBJ_185"
         );
         name = "HeraldPackageTests";
         productName = "HeraldPackageTests";
      };
      "Herald::HeraldTests" = {
         isa = "PBXNativeTarget";
         buildConfigurationList = "OBJ_187";
         buildPhases = (
            "OBJ_190",
            "OBJ_211"
         );
         dependencies = (
            "OBJ_213"
         );
         name = "HeraldTests";
         productName = "HeraldTests";
         productReference = "Herald::HeraldTests::Product";
         productType = "com.apple.product-type.bundle.unit-test";
      };
      "Herald::HeraldTests::Product" = {
         isa = "PBXFileReference";
         path = "HeraldTests.xctest";
         sourceTree = "BUILT_PRODUCTS_DIR";
      };
      "Herald::SwiftPMPackageDescription" = {
         isa = "PBXNativeTarget";
         buildConfigurationList = "OBJ_176";
         buildPhases = (
            "OBJ_179"
         );
         dependencies = (
         );
         name = "HeraldPackageDescription";
         productName = "HeraldPackageDescription";
         productType = "com.apple.product-type.framework";
      };
      "OBJ_1" = {
         isa = "PBXProject";
         attributes = {
            LastSwiftMigration = "9999";
            LastUpgradeCheck = "9999";
         };
         buildConfigurationList = "OBJ_2";
         compatibilityVersion = "Xcode 3.2";
         developmentRegion = "en";
         hasScannedForEncodings = "0";
         knownRegions = (
            "en"
         );
         mainGroup = "OBJ_5";
         productRefGroup = "OBJ_103";
         projectDirPath = ".";
         targets = (
            "Herald::Herald",
            "Herald::SwiftPMPackageDescription",
            "Herald::HeraldPackageTests::ProductTarget",
            "Herald::HeraldTests"
         );
      };
      "OBJ_10" = {
         isa = "PBXFileReference";
         path = "Info.plist";
         sourceTree = "<group>";
      };
      "OBJ_100" = {
         isa = "PBXFileReference";
         path = "VenueDiaryEventTests.swift";
         sourceTree = "<group>";
      };
      "OBJ_101" = {
         isa = "PBXFileReference";
         path = "VenueDiaryTests.swift";
         sourceTree = "<group>";
      };
      "OBJ_102" = {
         isa = "PBXFileReference";
         path = "XCTestManifests.swift";
         sourceTree = "<group>";
      };
      "OBJ_103" = {
         isa = "PBXGroup";
         children = (
            "Herald::HeraldTests::Product",
            "Herald::Herald::Product"
         );
         name = "Products";
         path = "";
         sourceTree = "BUILT_PRODUCTS_DIR";
      };
      "OBJ_106" = {
         isa = "PBXFileReference";
         path = "images";
         sourceTree = "SOURCE_ROOT";
      };
      "OBJ_107" = {
         isa = "PBXFileReference";
         path = "Herald-for-iOS";
         sourceTree = "SOURCE_ROOT";
      };
      "OBJ_108" = {
         isa = "PBXFileReference";
         path = "Herald";
         sourceTree = "SOURCE_ROOT";
      };
      "OBJ_109" = {
         isa = "PBXFileReference";
         path = "code_of_conduct.md";
         sourceTree = "<group>";
      };
      "OBJ_11" = {
         isa = "PBXGroup";
         children = (
            "OBJ_12",
            "OBJ_35",
            "OBJ_42",
            "OBJ_53",
            "OBJ_55",
            "OBJ_56",
            "OBJ_59",
            "OBJ_61",
            "OBJ_63",
            "OBJ_75",
            "OBJ_76",
            "OBJ_77",
            "OBJ_78",
            "OBJ_79"
         );
         name = "Sensor";
         path = "Sensor";
         sourceTree = "<group>";
      };
      "OBJ_110" = {
         isa = "PBXFileReference";
         path = "AUTHORS.md";
         sourceTree = "<group>";
      };
      "OBJ_111" = {
         isa = "PBXFileReference";
         path = "Herald.podspec";
         sourceTree = "<group>";
      };
      "OBJ_112" = {
         isa = "PBXFileReference";
         path = "README.md";
         sourceTree = "<group>";
      };
      "OBJ_113" = {
         isa = "PBXFileReference";
         path = "NOTICE.txt";
         sourceTree = "<group>";
      };
      "OBJ_114" = {
         isa = "PBXFileReference";
         path = "contributing.md";
         sourceTree = "<group>";
      };
      "OBJ_115" = {
         isa = "PBXFileReference";
         path = "LICENSE.txt";
         sourceTree = "<group>";
      };
      "OBJ_116" = {
         isa = "PBXFileReference";
         path = "SECURITY.md";
         sourceTree = "<group>";
      };
      "OBJ_118" = {
         isa = "XCConfigurationList";
         buildConfigurations = (
            "OBJ_119",
            "OBJ_120"
         );
         defaultConfigurationIsVisible = "0";
         defaultConfigurationName = "Release";
      };
      "OBJ_119" = {
         isa = "XCBuildConfiguration";
         buildSettings = {
            ENABLE_TESTABILITY = "YES";
            FRAMEWORK_SEARCH_PATHS = (
               "$(inherited)",
               "$(PLATFORM_DIR)/Developer/Library/Frameworks"
            );
            HEADER_SEARCH_PATHS = (
               "$(inherited)"
            );
            INFOPLIST_FILE = "Herald.xcodeproj/Herald_Info.plist";
            IPHONEOS_DEPLOYMENT_TARGET = "9.0";
            LD_RUNPATH_SEARCH_PATHS = (
               "$(inherited)",
               "$(TOOLCHAIN_DIR)/usr/lib/swift/macosx"
            );
            MACOSX_DEPLOYMENT_TARGET = "10.10";
            OTHER_CFLAGS = (
               "$(inherited)"
            );
            OTHER_LDFLAGS = (
               "$(inherited)"
            );
            OTHER_SWIFT_FLAGS = (
               "$(inherited)"
            );
            PRODUCT_BUNDLE_IDENTIFIER = "Herald";
            PRODUCT_MODULE_NAME = "$(TARGET_NAME:c99extidentifier)";
            PRODUCT_NAME = "$(TARGET_NAME:c99extidentifier)";
            SKIP_INSTALL = "YES";
            SWIFT_ACTIVE_COMPILATION_CONDITIONS = (
               "$(inherited)"
            );
            SWIFT_VERSION = "5.0";
            TARGET_NAME = "Herald";
            TVOS_DEPLOYMENT_TARGET = "9.0";
            WATCHOS_DEPLOYMENT_TARGET = "2.0";
         };
         name = "Debug";
      };
      "OBJ_12" = {
         isa = "PBXGroup";
         children = (
            "OBJ_13",
            "OBJ_20",
            "OBJ_21",
            "OBJ_22",
            "OBJ_23",
            "OBJ_33",
            "OBJ_34"
         );
         name = "Analysis";
         path = "Analysis";
         sourceTree = "<group>";
      };
      "OBJ_120" = {
         isa = "XCBuildConfiguration";
         buildSettings = {
            ENABLE_TESTABILITY = "YES";
            FRAMEWORK_SEARCH_PATHS = (
               "$(inherited)",
               "$(PLATFORM_DIR)/Developer/Library/Frameworks"
            );
            HEADER_SEARCH_PATHS = (
               "$(inherited)"
            );
            INFOPLIST_FILE = "Herald.xcodeproj/Herald_Info.plist";
            IPHONEOS_DEPLOYMENT_TARGET = "9.0";
            LD_RUNPATH_SEARCH_PATHS = (
               "$(inherited)",
               "$(TOOLCHAIN_DIR)/usr/lib/swift/macosx"
            );
            MACOSX_DEPLOYMENT_TARGET = "10.10";
            OTHER_CFLAGS = (
               "$(inherited)"
            );
            OTHER_LDFLAGS = (
               "$(inherited)"
            );
            OTHER_SWIFT_FLAGS = (
               "$(inherited)"
            );
            PRODUCT_BUNDLE_IDENTIFIER = "Herald";
            PRODUCT_MODULE_NAME = "$(TARGET_NAME:c99extidentifier)";
            PRODUCT_NAME = "$(TARGET_NAME:c99extidentifier)";
            SKIP_INSTALL = "YES";
            SWIFT_ACTIVE_COMPILATION_CONDITIONS = (
               "$(inherited)"
            );
            SWIFT_VERSION = "5.0";
            TARGET_NAME = "Herald";
            TVOS_DEPLOYMENT_TARGET = "9.0";
            WATCHOS_DEPLOYMENT_TARGET = "2.0";
         };
         name = "Release";
      };
      "OBJ_121" = {
         isa = "PBXSourcesBuildPhase";
         files = (
            "OBJ_122",
            "OBJ_123",
            "OBJ_124",
            "OBJ_125",
            "OBJ_126",
            "OBJ_127",
            "OBJ_128",
            "OBJ_129",
            "OBJ_130",
            "OBJ_131",
            "OBJ_132",
            "OBJ_133",
            "OBJ_134",
            "OBJ_135",
            "OBJ_136",
            "OBJ_137",
            "OBJ_138",
            "OBJ_139",
            "OBJ_140",
            "OBJ_141",
            "OBJ_142",
            "OBJ_143",
            "OBJ_144",
            "OBJ_145",
            "OBJ_146",
            "OBJ_147",
            "OBJ_148",
            "OBJ_149",
            "OBJ_150",
            "OBJ_151",
            "OBJ_152",
            "OBJ_153",
            "OBJ_154",
            "OBJ_155",
            "OBJ_156",
            "OBJ_157",
            "OBJ_158",
            "OBJ_159",
            "OBJ_160",
            "OBJ_161",
            "OBJ_162",
            "OBJ_163",
            "OBJ_164",
            "OBJ_165",
            "OBJ_166",
            "OBJ_167",
            "OBJ_168",
            "OBJ_169",
            "OBJ_170",
            "OBJ_171",
            "OBJ_172",
            "OBJ_173"
         );
      };
      "OBJ_122" = {
         isa = "PBXBuildFile";
         fileRef = "OBJ_15";
      };
      "OBJ_123" = {
         isa = "PBXBuildFile";
         fileRef = "OBJ_16";
      };
      "OBJ_124" = {
         isa = "PBXBuildFile";
         fileRef = "OBJ_17";
      };
      "OBJ_125" = {
         isa = "PBXBuildFile";
         fileRef = "OBJ_19";
      };
      "OBJ_126" = {
         isa = "PBXBuildFile";
         fileRef = "OBJ_20";
      };
      "OBJ_127" = {
         isa = "PBXBuildFile";
         fileRef = "OBJ_21";
      };
      "OBJ_128" = {
         isa = "PBXBuildFile";
         fileRef = "OBJ_22";
      };
      "OBJ_129" = {
         isa = "PBXBuildFile";
         fileRef = "OBJ_24";
      };
      "OBJ_13" = {
         isa = "PBXGroup";
         children = (
            "OBJ_14",
            "OBJ_18"
         );
         name = "Algorithms";
         path = "Algorithms";
         sourceTree = "<group>";
      };
      "OBJ_130" = {
         isa = "PBXBuildFile";
         fileRef = "OBJ_25";
      };
      "OBJ_131" = {
         isa = "PBXBuildFile";
         fileRef = "OBJ_26";
      };
      "OBJ_132" = {
         isa = "PBXBuildFile";
         fileRef = "OBJ_27";
      };
      "OBJ_133" = {
         isa = "PBXBuildFile";
         fileRef = "OBJ_28";
      };
      "OBJ_134" = {
         isa = "PBXBuildFile";
         fileRef = "OBJ_29";
      };
      "OBJ_135" = {
         isa = "PBXBuildFile";
         fileRef = "OBJ_30";
      };
      "OBJ_136" = {
         isa = "PBXBuildFile";
         fileRef = "OBJ_31";
      };
      "OBJ_137" = {
         isa = "PBXBuildFile";
         fileRef = "OBJ_32";
      };
      "OBJ_138" = {
         isa = "PBXBuildFile";
         fileRef = "OBJ_33";
      };
      "OBJ_139" = {
         isa = "PBXBuildFile";
         fileRef = "OBJ_34";
      };
      "OBJ_14" = {
         isa = "PBXGroup";
         children = (
            "OBJ_15",
            "OBJ_16",
            "OBJ_17"
         );
         name = "Distance";
         path = "Distance";
         sourceTree = "<group>";
      };
      "OBJ_140" = {
         isa = "PBXBuildFile";
         fileRef = "OBJ_36";
      };
      "OBJ_141" = {
         isa = "PBXBuildFile";
         fileRef = "OBJ_37";
      };
      "OBJ_142" = {
         isa = "PBXBuildFile";
         fileRef = "OBJ_38";
      };
      "OBJ_143" = {
         isa = "PBXBuildFile";
         fileRef = "OBJ_39";
      };
      "OBJ_144" = {
         isa = "PBXBuildFile";
         fileRef = "OBJ_40";
      };
      "OBJ_145" = {
         isa = "PBXBuildFile";
         fileRef = "OBJ_41";
      };
      "OBJ_146" = {
         isa = "PBXBuildFile";
         fileRef = "OBJ_43";
      };
      "OBJ_147" = {
         isa = "PBXBuildFile";
         fileRef = "OBJ_44";
      };
      "OBJ_148" = {
         isa = "PBXBuildFile";
         fileRef = "OBJ_45";
      };
      "OBJ_149" = {
         isa = "PBXBuildFile";
         fileRef = "OBJ_46";
      };
      "OBJ_15" = {
         isa = "PBXFileReference";
         path = "FowlerBasic.swift";
         sourceTree = "<group>";
      };
      "OBJ_150" = {
         isa = "PBXBuildFile";
         fileRef = "OBJ_47";
      };
      "OBJ_151" = {
         isa = "PBXBuildFile";
         fileRef = "OBJ_48";
      };
      "OBJ_152" = {
         isa = "PBXBuildFile";
         fileRef = "OBJ_49";
      };
      "OBJ_153" = {
         isa = "PBXBuildFile";
         fileRef = "OBJ_50";
      };
      "OBJ_154" = {
         isa = "PBXBuildFile";
         fileRef = "OBJ_51";
      };
      "OBJ_155" = {
         isa = "PBXBuildFile";
         fileRef = "OBJ_52";
      };
      "OBJ_156" = {
         isa = "PBXBuildFile";
         fileRef = "OBJ_54";
      };
      "OBJ_157" = {
         isa = "PBXBuildFile";
         fileRef = "OBJ_55";
      };
      "OBJ_158" = {
         isa = "PBXBuildFile";
         fileRef = "OBJ_57";
      };
      "OBJ_159" = {
         isa = "PBXBuildFile";
         fileRef = "OBJ_58";
      };
      "OBJ_16" = {
         isa = "PBXFileReference";
         path = "SelfCalibratedModel.swift";
         sourceTree = "<group>";
      };
      "OBJ_160" = {
         isa = "PBXBuildFile";
         fileRef = "OBJ_60";
      };
      "OBJ_161" = {
         isa = "PBXBuildFile";
         fileRef = "OBJ_62";
      };
      "OBJ_162" = {
         isa = "PBXBuildFile";
         fileRef = "OBJ_65";
      };
      "OBJ_163" = {
         isa = "PBXBuildFile";
         fileRef = "OBJ_67";
      };
      "OBJ_164" = {
         isa = "PBXBuildFile";
         fileRef = "OBJ_69";
      };
      "OBJ_165" = {
         isa = "PBXBuildFile";
         fileRef = "OBJ_70";
      };
      "OBJ_166" = {
         isa = "PBXBuildFile";
         fileRef = "OBJ_71";
      };
      "OBJ_167" = {
         isa = "PBXBuildFile";
         fileRef = "OBJ_72";
      };
      "OBJ_168" = {
         isa = "PBXBuildFile";
         fileRef = "OBJ_74";
      };
      "OBJ_169" = {
         isa = "PBXBuildFile";
         fileRef = "OBJ_75";
      };
      "OBJ_17" = {
         isa = "PBXFileReference";
         path = "SmoothedLinearModel.swift";
         sourceTree = "<group>";
      };
      "OBJ_170" = {
         isa = "PBXBuildFile";
         fileRef = "OBJ_76";
      };
      "OBJ_171" = {
         isa = "PBXBuildFile";
         fileRef = "OBJ_77";
      };
      "OBJ_172" = {
         isa = "PBXBuildFile";
         fileRef = "OBJ_78";
      };
      "OBJ_173" = {
         isa = "PBXBuildFile";
         fileRef = "OBJ_79";
      };
      "OBJ_174" = {
         isa = "PBXFrameworksBuildPhase";
         files = (
         );
      };
      "OBJ_176" = {
         isa = "XCConfigurationList";
         buildConfigurations = (
            "OBJ_177",
            "OBJ_178"
         );
         defaultConfigurationIsVisible = "0";
         defaultConfigurationName = "Release";
      };
      "OBJ_177" = {
         isa = "XCBuildConfiguration";
         buildSettings = {
            LD = "/usr/bin/true";
            OTHER_SWIFT_FLAGS = (
               "-swift-version",
               "5",
               "-I",
               "$(TOOLCHAIN_DIR)/usr/lib/swift/pm/4_2",
               "-sdk",
               "/Applications/Xcode.app/Contents/Developer/Platforms/MacOSX.platform/Developer/SDKs/MacOSX11.1.sdk",
               "-package-description-version",
               "5.3.0"
            );
            SWIFT_VERSION = "5.0";
         };
         name = "Debug";
      };
      "OBJ_178" = {
         isa = "XCBuildConfiguration";
         buildSettings = {
            LD = "/usr/bin/true";
            OTHER_SWIFT_FLAGS = (
               "-swift-version",
               "5",
               "-I",
               "$(TOOLCHAIN_DIR)/usr/lib/swift/pm/4_2",
               "-sdk",
               "/Applications/Xcode.app/Contents/Developer/Platforms/MacOSX.platform/Developer/SDKs/MacOSX11.1.sdk",
               "-package-description-version",
               "5.3.0"
            );
            SWIFT_VERSION = "5.0";
         };
         name = "Release";
      };
      "OBJ_179" = {
         isa = "PBXSourcesBuildPhase";
         files = (
            "OBJ_180"
         );
      };
      "OBJ_18" = {
         isa = "PBXGroup";
         children = (
            "OBJ_19"
         );
         name = "Risk";
         path = "Risk";
         sourceTree = "<group>";
      };
      "OBJ_180" = {
         isa = "PBXBuildFile";
         fileRef = "OBJ_6";
      };
      "OBJ_182" = {
         isa = "XCConfigurationList";
         buildConfigurations = (
            "OBJ_183",
            "OBJ_184"
         );
         defaultConfigurationIsVisible = "0";
         defaultConfigurationName = "Release";
      };
      "OBJ_183" = {
         isa = "XCBuildConfiguration";
         buildSettings = {
         };
         name = "Debug";
      };
      "OBJ_184" = {
         isa = "XCBuildConfiguration";
         buildSettings = {
         };
         name = "Release";
      };
      "OBJ_185" = {
         isa = "PBXTargetDependency";
         target = "Herald::HeraldTests";
      };
      "OBJ_187" = {
         isa = "XCConfigurationList";
         buildConfigurations = (
            "OBJ_188",
            "OBJ_189"
         );
         defaultConfigurationIsVisible = "0";
         defaultConfigurationName = "Release";
      };
      "OBJ_188" = {
         isa = "XCBuildConfiguration";
         buildSettings = {
            CLANG_ENABLE_MODULES = "YES";
            EMBEDDED_CONTENT_CONTAINS_SWIFT = "YES";
            FRAMEWORK_SEARCH_PATHS = (
               "$(inherited)",
               "$(PLATFORM_DIR)/Developer/Library/Frameworks"
            );
            HEADER_SEARCH_PATHS = (
               "$(inherited)"
            );
            INFOPLIST_FILE = "Herald.xcodeproj/HeraldTests_Info.plist";
            IPHONEOS_DEPLOYMENT_TARGET = "14.0";
            LD_RUNPATH_SEARCH_PATHS = (
               "$(inherited)",
               "@loader_path/../Frameworks",
               "@loader_path/Frameworks"
            );
            MACOSX_DEPLOYMENT_TARGET = "10.15";
            OTHER_CFLAGS = (
               "$(inherited)"
            );
            OTHER_LDFLAGS = (
               "$(inherited)"
            );
            OTHER_SWIFT_FLAGS = (
               "$(inherited)"
            );
            SWIFT_ACTIVE_COMPILATION_CONDITIONS = (
               "$(inherited)"
            );
            SWIFT_VERSION = "5.0";
            TARGET_NAME = "HeraldTests";
            TVOS_DEPLOYMENT_TARGET = "9.0";
            WATCHOS_DEPLOYMENT_TARGET = "2.0";
         };
         name = "Debug";
      };
      "OBJ_189" = {
         isa = "XCBuildConfiguration";
         buildSettings = {
            CLANG_ENABLE_MODULES = "YES";
            EMBEDDED_CONTENT_CONTAINS_SWIFT = "YES";
            FRAMEWORK_SEARCH_PATHS = (
               "$(inherited)",
               "$(PLATFORM_DIR)/Developer/Library/Frameworks"
            );
            HEADER_SEARCH_PATHS = (
               "$(inherited)"
            );
            INFOPLIST_FILE = "Herald.xcodeproj/HeraldTests_Info.plist";
            IPHONEOS_DEPLOYMENT_TARGET = "14.0";
            LD_RUNPATH_SEARCH_PATHS = (
               "$(inherited)",
               "@loader_path/../Frameworks",
               "@loader_path/Frameworks"
            );
            MACOSX_DEPLOYMENT_TARGET = "10.15";
            OTHER_CFLAGS = (
               "$(inherited)"
            );
            OTHER_LDFLAGS = (
               "$(inherited)"
            );
            OTHER_SWIFT_FLAGS = (
               "$(inherited)"
            );
            SWIFT_ACTIVE_COMPILATION_CONDITIONS = (
               "$(inherited)"
            );
            SWIFT_VERSION = "5.0";
            TARGET_NAME = "HeraldTests";
            TVOS_DEPLOYMENT_TARGET = "9.0";
            WATCHOS_DEPLOYMENT_TARGET = "2.0";
         };
         name = "Release";
      };
      "OBJ_19" = {
         isa = "PBXFileReference";
         path = "RiskAggregationBasic.swift";
         sourceTree = "<group>";
      };
      "OBJ_190" = {
         isa = "PBXSourcesBuildPhase";
         files = (
            "OBJ_191",
            "OBJ_192",
            "OBJ_193",
            "OBJ_194",
            "OBJ_195",
            "OBJ_196",
            "OBJ_197",
            "OBJ_198",
            "OBJ_199",
            "OBJ_200",
            "OBJ_201",
            "OBJ_202",
            "OBJ_203",
            "OBJ_204",
            "OBJ_205",
            "OBJ_206",
            "OBJ_207",
            "OBJ_208",
            "OBJ_209",
            "OBJ_210"
         );
      };
      "OBJ_191" = {
         isa = "PBXBuildFile";
         fileRef = "OBJ_83";
      };
      "OBJ_192" = {
         isa = "PBXBuildFile";
         fileRef = "OBJ_84";
      };
      "OBJ_193" = {
         isa = "PBXBuildFile";
         fileRef = "OBJ_85";
      };
      "OBJ_194" = {
         isa = "PBXBuildFile";
         fileRef = "OBJ_86";
      };
      "OBJ_195" = {
         isa = "PBXBuildFile";
         fileRef = "OBJ_87";
      };
      "OBJ_196" = {
         isa = "PBXBuildFile";
         fileRef = "OBJ_88";
      };
      "OBJ_197" = {
         isa = "PBXBuildFile";
         fileRef = "OBJ_89";
      };
      "OBJ_198" = {
         isa = "PBXBuildFile";
         fileRef = "OBJ_90";
      };
      "OBJ_199" = {
         isa = "PBXBuildFile";
         fileRef = "OBJ_91";
      };
      "OBJ_2" = {
         isa = "XCConfigurationList";
         buildConfigurations = (
            "OBJ_3",
            "OBJ_4"
         );
         defaultConfigurationIsVisible = "0";
         defaultConfigurationName = "Release";
      };
      "OBJ_20" = {
         isa = "PBXFileReference";
         path = "Interactions.swift";
         sourceTree = "<group>";
      };
      "OBJ_200" = {
         isa = "PBXBuildFile";
         fileRef = "OBJ_92";
      };
      "OBJ_201" = {
         isa = "PBXBuildFile";
         fileRef = "OBJ_93";
      };
      "OBJ_202" = {
         isa = "PBXBuildFile";
         fileRef = "OBJ_94";
      };
      "OBJ_203" = {
         isa = "PBXBuildFile";
         fileRef = "OBJ_95";
      };
      "OBJ_204" = {
         isa = "PBXBuildFile";
         fileRef = "OBJ_96";
      };
      "OBJ_205" = {
         isa = "PBXBuildFile";
         fileRef = "OBJ_97";
      };
      "OBJ_206" = {
         isa = "PBXBuildFile";
         fileRef = "OBJ_98";
      };
      "OBJ_207" = {
         isa = "PBXBuildFile";
         fileRef = "OBJ_99";
      };
      "OBJ_208" = {
         isa = "PBXBuildFile";
         fileRef = "OBJ_100";
      };
      "OBJ_209" = {
         isa = "PBXBuildFile";
         fileRef = "OBJ_101";
      };
      "OBJ_21" = {
         isa = "PBXFileReference";
         path = "Mobility.swift";
         sourceTree = "<group>";
      };
      "OBJ_210" = {
         isa = "PBXBuildFile";
         fileRef = "OBJ_102";
      };
      "OBJ_211" = {
         isa = "PBXFrameworksBuildPhase";
         files = (
            "OBJ_212"
         );
      };
      "OBJ_212" = {
         isa = "PBXBuildFile";
         fileRef = "Herald::Herald::Product";
      };
      "OBJ_213" = {
         isa = "PBXTargetDependency";
         target = "Herald::Herald";
      };
      "OBJ_22" = {
         isa = "PBXFileReference";
         path = "SampleStatistics.swift";
         sourceTree = "<group>";
      };
      "OBJ_23" = {
         isa = "PBXGroup";
         children = (
            "OBJ_24",
            "OBJ_25",
            "OBJ_26",
            "OBJ_27",
            "OBJ_28",
            "OBJ_29",
            "OBJ_30",
            "OBJ_31",
            "OBJ_32"
         );
         name = "Sampling";
         path = "Sampling";
         sourceTree = "<group>";
      };
      "OBJ_24" = {
         isa = "PBXFileReference";
         path = "Aggregate.swift";
         sourceTree = "<group>";
      };
      "OBJ_25" = {
         isa = "PBXFileReference";
         path = "AnalysisDelegate.swift";
         sourceTree = "<group>";
      };
      "OBJ_26" = {
         isa = "PBXFileReference";
         path = "AnalysisProvider.swift";
         sourceTree = "<group>";
      };
      "OBJ_27" = {
         isa = "PBXFileReference";
         path = "AnalysisRunner.swift";
         sourceTree = "<group>";
      };
      "OBJ_28" = {
         isa = "PBXFileReference";
         path = "Filter.swift";
         sourceTree = "<group>";
      };
      "OBJ_29" = {
         isa = "PBXFileReference";
         path = "ListManager.swift";
         sourceTree = "<group>";
      };
      "OBJ_3" = {
         isa = "XCBuildConfiguration";
         buildSettings = {
            CLANG_ENABLE_OBJC_ARC = "YES";
            COMBINE_HIDPI_IMAGES = "YES";
            COPY_PHASE_STRIP = "NO";
            DEBUG_INFORMATION_FORMAT = "dwarf";
            DYLIB_INSTALL_NAME_BASE = "@rpath";
            ENABLE_NS_ASSERTIONS = "YES";
            GCC_OPTIMIZATION_LEVEL = "0";
            GCC_PREPROCESSOR_DEFINITIONS = (
               "$(inherited)",
               "SWIFT_PACKAGE=1",
               "DEBUG=1"
            );
            MACOSX_DEPLOYMENT_TARGET = "10.10";
            ONLY_ACTIVE_ARCH = "YES";
            OTHER_SWIFT_FLAGS = (
               "$(inherited)",
               "-DXcode"
            );
            PRODUCT_NAME = "$(TARGET_NAME)";
            SDKROOT = "macosx";
            SUPPORTED_PLATFORMS = (
               "macosx",
               "iphoneos",
               "iphonesimulator",
               "appletvos",
               "appletvsimulator",
               "watchos",
               "watchsimulator"
            );
            SWIFT_ACTIVE_COMPILATION_CONDITIONS = (
               "$(inherited)",
               "SWIFT_PACKAGE",
               "DEBUG"
            );
            SWIFT_OPTIMIZATION_LEVEL = "-Onone";
            USE_HEADERMAP = "NO";
         };
         name = "Debug";
      };
      "OBJ_30" = {
         isa = "PBXFileReference";
         path = "Sample.swift";
         sourceTree = "<group>";
      };
      "OBJ_31" = {
         isa = "PBXFileReference";
         path = "SampleList.swift";
         sourceTree = "<group>";
      };
      "OBJ_32" = {
         isa = "PBXFileReference";
         path = "VariantSet.swift";
         sourceTree = "<group>";
      };
      "OBJ_33" = {
         isa = "PBXFileReference";
         path = "SocialDistance.swift";
         sourceTree = "<group>";
      };
      "OBJ_34" = {
         isa = "PBXFileReference";
         path = "VenueDiary.swift";
         sourceTree = "<group>";
      };
      "OBJ_35" = {
         isa = "PBXGroup";
         children = (
            "OBJ_36",
            "OBJ_37",
            "OBJ_38",
            "OBJ_39",
            "OBJ_40",
            "OBJ_41"
         );
         name = "BLE";
         path = "BLE";
         sourceTree = "<group>";
      };
      "OBJ_36" = {
         isa = "PBXFileReference";
         path = "BLEAdvertParser.swift";
         sourceTree = "<group>";
      };
      "OBJ_37" = {
         isa = "PBXFileReference";
         path = "BLEDatabase.swift";
         sourceTree = "<group>";
      };
      "OBJ_38" = {
         isa = "PBXFileReference";
         path = "BLEReceiver.swift";
         sourceTree = "<group>";
      };
      "OBJ_39" = {
         isa = "PBXFileReference";
         path = "BLESensor.swift";
         sourceTree = "<group>";
      };
      "OBJ_4" = {
         isa = "XCBuildConfiguration";
         buildSettings = {
            CLANG_ENABLE_OBJC_ARC = "YES";
            COMBINE_HIDPI_IMAGES = "YES";
            COPY_PHASE_STRIP = "YES";
            DEBUG_INFORMATION_FORMAT = "dwarf-with-dsym";
            DYLIB_INSTALL_NAME_BASE = "@rpath";
            GCC_OPTIMIZATION_LEVEL = "s";
            GCC_PREPROCESSOR_DEFINITIONS = (
               "$(inherited)",
               "SWIFT_PACKAGE=1"
            );
            MACOSX_DEPLOYMENT_TARGET = "10.10";
            OTHER_SWIFT_FLAGS = (
               "$(inherited)",
               "-DXcode"
            );
            PRODUCT_NAME = "$(TARGET_NAME)";
            SDKROOT = "macosx";
            SUPPORTED_PLATFORMS = (
               "macosx",
               "iphoneos",
               "iphonesimulator",
               "appletvos",
               "appletvsimulator",
               "watchos",
               "watchsimulator"
            );
            SWIFT_ACTIVE_COMPILATION_CONDITIONS = (
               "$(inherited)",
               "SWIFT_PACKAGE"
            );
            SWIFT_OPTIMIZATION_LEVEL = "-Owholemodule";
            USE_HEADERMAP = "NO";
         };
         name = "Release";
      };
      "OBJ_40" = {
         isa = "PBXFileReference";
         path = "BLETransmitter.swift";
         sourceTree = "<group>";
      };
      "OBJ_41" = {
         isa = "PBXFileReference";
         path = "BLEUtilities.swift";
         sourceTree = "<group>";
      };
      "OBJ_42" = {
         isa = "PBXGroup";
         children = (
            "OBJ_43",
            "OBJ_44",
            "OBJ_45",
            "OBJ_46",
            "OBJ_47",
            "OBJ_48",
            "OBJ_49",
            "OBJ_50",
            "OBJ_51",
            "OBJ_52"
         );
         name = "Data";
         path = "Data";
         sourceTree = "<group>";
      };
      "OBJ_43" = {
         isa = "PBXFileReference";
         path = "BatteryLog.swift";
         sourceTree = "<group>";
      };
      "OBJ_44" = {
         isa = "PBXFileReference";
         path = "CalibrationLog.swift";
         sourceTree = "<group>";
      };
      "OBJ_45" = {
         isa = "PBXFileReference";
         path = "ContactLog.swift";
         sourceTree = "<group>";
      };
      "OBJ_46" = {
         isa = "PBXFileReference";
         path = "DetectionLog.swift";
         sourceTree = "<group>";
      };
      "OBJ_47" = {
         isa = "PBXFileReference";
         path = "EventLog.swift";
         sourceTree = "<group>";
      };
      "OBJ_48" = {
         isa = "PBXFileReference";
         path = "EventTimeIntervalLog.swift";
         sourceTree = "<group>";
      };
      "OBJ_49" = {
         isa = "PBXFileReference";
         path = "PayloadDataFormatter.swift";
         sourceTree = "<group>";
      };
      "OBJ_5" = {
         isa = "PBXGroup";
         children = (
            "OBJ_6",
            "OBJ_7",
            "OBJ_80",
            "OBJ_103",
            "OBJ_106",
            "OBJ_107",
            "OBJ_108",
            "OBJ_109",
            "OBJ_110",
            "OBJ_111",
            "OBJ_112",
            "OBJ_113",
            "OBJ_114",
            "OBJ_115",
            "OBJ_116"
         );
         path = "";
         sourceTree = "<group>";
      };
      "OBJ_50" = {
         isa = "PBXFileReference";
         path = "SensorLogger.swift";
         sourceTree = "<group>";
      };
      "OBJ_51" = {
         isa = "PBXFileReference";
         path = "StatisticsLog.swift";
         sourceTree = "<group>";
      };
      "OBJ_52" = {
         isa = "PBXFileReference";
         path = "TextFile.swift";
         sourceTree = "<group>";
      };
      "OBJ_53" = {
         isa = "PBXGroup";
         children = (
            "OBJ_54"
         );
         name = "Datatype";
         path = "Datatype";
         sourceTree = "<group>";
      };
      "OBJ_54" = {
         isa = "PBXFileReference";
         path = "DoubleValue.swift";
         sourceTree = "<group>";
      };
      "OBJ_55" = {
         isa = "PBXFileReference";
         path = "Device.swift";
         sourceTree = "<group>";
      };
      "OBJ_56" = {
         isa = "PBXGroup";
         children = (
            "OBJ_57",
            "OBJ_58"
         );
         name = "Extensions";
         path = "Extensions";
         sourceTree = "<group>";
      };
      "OBJ_57" = {
         isa = "PBXFileReference";
         path = "DataExtensions.swift";
         sourceTree = "<group>";
      };
      "OBJ_58" = {
         isa = "PBXFileReference";
         path = "DateExtensions.swift";
         sourceTree = "<group>";
      };
      "OBJ_59" = {
         isa = "PBXGroup";
         children = (
            "OBJ_60"
         );
         name = "Location";
         path = "Location";
         sourceTree = "<group>";
      };
      "OBJ_6" = {
         isa = "PBXFileReference";
         explicitFileType = "sourcecode.swift";
         path = "Package.swift";
         sourceTree = "<group>";
      };
      "OBJ_60" = {
         isa = "PBXFileReference";
         path = "MobilitySensor.swift";
         sourceTree = "<group>";
      };
      "OBJ_61" = {
         isa = "PBXGroup";
         children = (
            "OBJ_62"
         );
         name = "Motion";
         path = "Motion";
         sourceTree = "<group>";
      };
      "OBJ_62" = {
         isa = "PBXFileReference";
         path = "InertiaSensor.swift";
         sourceTree = "<group>";
      };
      "OBJ_63" = {
         isa = "PBXGroup";
         children = (
            "OBJ_64",
            "OBJ_66",
            "OBJ_68",
            "OBJ_73"
         );
         name = "Payload";
         path = "Payload";
         sourceTree = "<group>";
      };
      "OBJ_64" = {
         isa = "PBXGroup";
         children = (
            "OBJ_65"
         );
         name = "Beacon";
         path = "Beacon";
         sourceTree = "<group>";
      };
      "OBJ_65" = {
         isa = "PBXFileReference";
         path = "BeaconPayloadDataSupplier.swift";
         sourceTree = "<group>";
      };
      "OBJ_66" = {
         isa = "PBXGroup";
         children = (
            "OBJ_67"
         );
         name = "Extended";
         path = "Extended";
         sourceTree = "<group>";
      };
      "OBJ_67" = {
         isa = "PBXFileReference";
         path = "ExtendedData.swift";
         sourceTree = "<group>";
      };
      "OBJ_68" = {
         isa = "PBXGroup";
         children = (
            "OBJ_69",
            "OBJ_70",
            "OBJ_71",
            "OBJ_72"
         );
         name = "Simple";
         path = "Simple";
         sourceTree = "<group>";
      };
      "OBJ_69" = {
         isa = "PBXFileReference";
         path = "BloomFilter.swift";
         sourceTree = "<group>";
      };
      "OBJ_7" = {
         isa = "PBXGroup";
         children = (
            "OBJ_8"
         );
         name = "Sources";
         path = "";
         sourceTree = "SOURCE_ROOT";
      };
      "OBJ_70" = {
         isa = "PBXFileReference";
         path = "SimplePayloadDataMatcher.swift";
         sourceTree = "<group>";
      };
      "OBJ_71" = {
         isa = "PBXFileReference";
         path = "SimplePayloadDataSupplier.swift";
         sourceTree = "<group>";
      };
      "OBJ_72" = {
         isa = "PBXFileReference";
         path = "XXH3.swift";
         sourceTree = "<group>";
      };
      "OBJ_73" = {
         isa = "PBXGroup";
         children = (
            "OBJ_74"
         );
         name = "Test";
         path = "Test";
         sourceTree = "<group>";
      };
      "OBJ_74" = {
         isa = "PBXFileReference";
         path = "TestPayloadDataSupplier.swift";
         sourceTree = "<group>";
      };
      "OBJ_75" = {
         isa = "PBXFileReference";
         path = "PayloadDataMatcher.swift";
         sourceTree = "<group>";
      };
      "OBJ_76" = {
         isa = "PBXFileReference";
         path = "PayloadDataSupplier.swift";
         sourceTree = "<group>";
      };
      "OBJ_77" = {
         isa = "PBXFileReference";
         path = "Sensor.swift";
         sourceTree = "<group>";
      };
      "OBJ_78" = {
         isa = "PBXFileReference";
         path = "SensorArray.swift";
         sourceTree = "<group>";
      };
      "OBJ_79" = {
         isa = "PBXFileReference";
         path = "SensorDelegate.swift";
         sourceTree = "<group>";
      };
      "OBJ_8" = {
         isa = "PBXGroup";
         children = (
            "OBJ_9",
            "OBJ_10",
            "OBJ_11"
         );
         name = "Herald";
         path = "Herald/Herald";
         sourceTree = "SOURCE_ROOT";
      };
      "OBJ_80" = {
         isa = "PBXGroup";
         children = (
            "OBJ_81"
         );
         name = "Tests";
         path = "";
         sourceTree = "SOURCE_ROOT";
      };
      "OBJ_81" = {
         isa = "PBXGroup";
         children = (
            "OBJ_82",
            "OBJ_83",
            "OBJ_84",
            "OBJ_85",
            "OBJ_86",
            "OBJ_87",
            "OBJ_88",
            "OBJ_89",
            "OBJ_90",
            "OBJ_91",
            "OBJ_92",
            "OBJ_93",
            "OBJ_94",
            "OBJ_95",
            "OBJ_96",
            "OBJ_97",
            "OBJ_98",
            "OBJ_99",
            "OBJ_100",
            "OBJ_101",
            "OBJ_102"
         );
         name = "HeraldTests";
         path = "Herald/HeraldTests";
         sourceTree = "SOURCE_ROOT";
      };
      "OBJ_82" = {
         isa = "PBXFileReference";
         path = "Info.plist";
         sourceTree = "<group>";
      };
      "OBJ_83" = {
         isa = "PBXFileReference";
         path = "AnalysisRunnerTests.swift";
         sourceTree = "<group>";
      };
      "OBJ_84" = {
         isa = "PBXFileReference";
         path = "BLEAdvertParserTests.swift";
         sourceTree = "<group>";
      };
      "OBJ_85" = {
         isa = "PBXFileReference";
         path = "BeaconPayloadDataSupplierTests.swift";
         sourceTree = "<group>";
      };
      "OBJ_86" = {
         isa = "PBXFileReference";
         path = "BloomFilterTests.swift";
         sourceTree = "<group>";
      };
      "OBJ_87" = {
         isa = "PBXFileReference";
         path = "DataExtensionTests.swift";
         sourceTree = "<group>";
      };
      "OBJ_88" = {
         isa = "PBXFileReference";
         path = "ExtendedDataTests.swift";
         sourceTree = "<group>";
      };
      "OBJ_89" = {
         isa = "PBXFileReference";
         path = "InteractionsTests.swift";
         sourceTree = "<group>";
      };
      "OBJ_9" = {
         isa = "PBXFileReference";
         path = "herald.h";
         sourceTree = "<group>";
      };
      "OBJ_90" = {
         isa = "PBXFileReference";
         path = "PseudoDeviceAddressTests.swift";
         sourceTree = "<group>";
      };
      "OBJ_91" = {
         isa = "PBXFileReference";
         path = "RangesTests.swift";
         sourceTree = "<group>";
      };
      "OBJ_92" = {
         isa = "PBXFileReference";
         path = "RssiHistogramTests.swift";
         sourceTree = "<group>";
      };
      "OBJ_93" = {
         isa = "PBXFileReference";
         path = "SampleListTests.swift";
         sourceTree = "<group>";
      };
      "OBJ_94" = {
         isa = "PBXFileReference";
         path = "SampleTests.swift";
         sourceTree = "<group>";
      };
      "OBJ_95" = {
         isa = "PBXFileReference";
         path = "SelfCalibratedModelTests.swift";
         sourceTree = "<group>";
      };
      "OBJ_96" = {
         isa = "PBXFileReference";
         path = "SimplePayloadDataMatcherTests.swift";
         sourceTree = "<group>";
      };
      "OBJ_97" = {
         isa = "PBXFileReference";
         path = "SimplePayloadDataSupplierTests.swift";
         sourceTree = "<group>";
      };
      "OBJ_98" = {
         isa = "PBXFileReference";
         path = "SocialDistanceTests.swift";
         sourceTree = "<group>";
      };
      "OBJ_99" = {
         isa = "PBXFileReference";
         path = "TextFileTests.swift";
         sourceTree = "<group>";
      };
   };
   rootObject = "OBJ_1";
}
